// !$*UTF8*$!
{
	archiveVersion = 1;
	classes = {
	};
	objectVersion = 55;
	objects = {

/* Begin PBXBuildFile section */
		1B0551692A5B9939002904B5 /* RxRealm in Frameworks */ = {isa = PBXBuildFile; productRef = 1B0551682A5B9939002904B5 /* RxRealm */; };
		1B05516A2A5B9940002904B5 /* HistoryModel.swift in Sources */ = {isa = PBXBuildFile; fileRef = 1B29F778273C921A007BC9B2 /* HistoryModel.swift */; };
		1B05516D2A5B9D42002904B5 /* Realm+Extensions.swift in Sources */ = {isa = PBXBuildFile; fileRef = 1B05516C2A5B9D42002904B5 /* Realm+Extensions.swift */; };
		1B05516F2A5B9D57002904B5 /* Realm+Extensions.swift in Sources */ = {isa = PBXBuildFile; fileRef = 1B05516C2A5B9D42002904B5 /* Realm+Extensions.swift */; };
		1B0551702A5BA122002904B5 /* Assets.xcassets in Resources */ = {isa = PBXBuildFile; fileRef = 1B06FA0E270D792A0079B080 /* Assets.xcassets */; };
		1B0551712A5BC674002904B5 /* Color.swift in Sources */ = {isa = PBXBuildFile; fileRef = 1BD60CF227294AB2002684D6 /* Color.swift */; };
		1B06FA1C270D792A0079B080 /* MainApp.swift in Sources */ = {isa = PBXBuildFile; fileRef = 1B06FA0C270D79280079B080 /* MainApp.swift */; };
		1B06FA1E270D792A0079B080 /* ContentView.swift in Sources */ = {isa = PBXBuildFile; fileRef = 1B06FA0D270D79280079B080 /* ContentView.swift */; };
		1B29F779273C921A007BC9B2 /* HistoryModel.swift in Sources */ = {isa = PBXBuildFile; fileRef = 1B29F778273C921A007BC9B2 /* HistoryModel.swift */; };
		1B29F780273CC7CC007BC9B2 /* Localizable.strings in Resources */ = {isa = PBXBuildFile; fileRef = 1B29F784273CC7CC007BC9B2 /* Localizable.strings */; };
		1B29F782273CC7CC007BC9B2 /* Localizable.strings in Resources */ = {isa = PBXBuildFile; fileRef = 1B29F784273CC7CC007BC9B2 /* Localizable.strings */; };
		1B29F787273CF0CA007BC9B2 /* HistoryListView.swift in Sources */ = {isa = PBXBuildFile; fileRef = 1B29F786273CF0CA007BC9B2 /* HistoryListView.swift */; };
		1B29F78C273D08FF007BC9B2 /* Date+Extensions.swift in Sources */ = {isa = PBXBuildFile; fileRef = 1B29F78B273D08FF007BC9B2 /* Date+Extensions.swift */; };
		1B29F78E273D08FF007BC9B2 /* Date+Extensions.swift in Sources */ = {isa = PBXBuildFile; fileRef = 1B29F78B273D08FF007BC9B2 /* Date+Extensions.swift */; };
		1B29F791273D1299007BC9B2 /* CalculatorView.swift in Sources */ = {isa = PBXBuildFile; fileRef = 1BA96B0D27229E10002B2419 /* CalculatorView.swift */; };
		1B39958D273E3BFE00EAADD8 /* Launch Screen.storyboard in Resources */ = {isa = PBXBuildFile; fileRef = 1B39958C273E3BA200EAADD8 /* Launch Screen.storyboard */; };
		1B39958F273E3C0000EAADD8 /* Launch Screen.storyboard in Resources */ = {isa = PBXBuildFile; fileRef = 1B39958C273E3BA200EAADD8 /* Launch Screen.storyboard */; };
		1B399591273E3DC800EAADD8 /* String+Extensions.swift in Sources */ = {isa = PBXBuildFile; fileRef = 1B399590273E3DC800EAADD8 /* String+Extensions.swift */; };
		1B399593273E3DC800EAADD8 /* String+Extensions.swift in Sources */ = {isa = PBXBuildFile; fileRef = 1B399590273E3DC800EAADD8 /* String+Extensions.swift */; };
		1B399598273E456F00EAADD8 /* InfoPlist.strings in Resources */ = {isa = PBXBuildFile; fileRef = 1B39959C273E456F00EAADD8 /* InfoPlist.strings */; };
		1B39959A273E456F00EAADD8 /* InfoPlist.strings in Resources */ = {isa = PBXBuildFile; fileRef = 1B39959C273E456F00EAADD8 /* InfoPlist.strings */; };
		1B8FDB352A4E650C007BE5E5 /* WidgetKit.framework in Frameworks */ = {isa = PBXBuildFile; fileRef = 1B8FDB342A4E650C007BE5E5 /* WidgetKit.framework */; };
		1B8FDB372A4E650C007BE5E5 /* SwiftUI.framework in Frameworks */ = {isa = PBXBuildFile; fileRef = 1B8FDB362A4E650C007BE5E5 /* SwiftUI.framework */; };
		1B8FDB3A2A4E650C007BE5E5 /* widgetBundle.swift in Sources */ = {isa = PBXBuildFile; fileRef = 1B8FDB392A4E650C007BE5E5 /* widgetBundle.swift */; };
		1B8FDB3C2A4E650C007BE5E5 /* widgetLiveActivity.swift in Sources */ = {isa = PBXBuildFile; fileRef = 1B8FDB3B2A4E650C007BE5E5 /* widgetLiveActivity.swift */; };
		1B8FDB3E2A4E650C007BE5E5 /* widget.swift in Sources */ = {isa = PBXBuildFile; fileRef = 1B8FDB3D2A4E650C007BE5E5 /* widget.swift */; };
		1B8FDB412A4E650D007BE5E5 /* Assets.xcassets in Resources */ = {isa = PBXBuildFile; fileRef = 1B8FDB402A4E650D007BE5E5 /* Assets.xcassets */; };
		1B8FDB432A4E650D007BE5E5 /* widget.intentdefinition in Sources */ = {isa = PBXBuildFile; fileRef = 1B8FDB3F2A4E650C007BE5E5 /* widget.intentdefinition */; };
		1B8FDB442A4E650D007BE5E5 /* widget.intentdefinition in Sources */ = {isa = PBXBuildFile; fileRef = 1B8FDB3F2A4E650C007BE5E5 /* widget.intentdefinition */; };
		1B8FDB472A4E650D007BE5E5 /* widgetExtension.appex in Embed Foundation Extensions */ = {isa = PBXBuildFile; fileRef = 1B8FDB332A4E650C007BE5E5 /* widgetExtension.appex */; settings = {ATTRIBUTES = (RemoveHeadersOnCopy, ); }; };
		1B98CDF72710024400FC3E9E /* Calculator.swift in Sources */ = {isa = PBXBuildFile; fileRef = 1B98CDF62710024400FC3E9E /* Calculator.swift */; };
		1BA96B0B27229DBC002B2419 /* Calculator.swift in Sources */ = {isa = PBXBuildFile; fileRef = 1B98CDF62710024400FC3E9E /* Calculator.swift */; };
		1BA96B0E27229E10002B2419 /* CalculatorView.swift in Sources */ = {isa = PBXBuildFile; fileRef = 1BA96B0D27229E10002B2419 /* CalculatorView.swift */; };
		1BAE669E273A4A5300C82269 /* Stack.swift in Sources */ = {isa = PBXBuildFile; fileRef = 1BAE669D273A4A5300C82269 /* Stack.swift */; };
		1BAE66A0273A4A5300C82269 /* Stack.swift in Sources */ = {isa = PBXBuildFile; fileRef = 1BAE669D273A4A5300C82269 /* Stack.swift */; };
		1BC668632721612200006C20 /* calculator_clipApp.swift in Sources */ = {isa = PBXBuildFile; fileRef = 1BC668622721612200006C20 /* calculator_clipApp.swift */; };
		1BC6686A2721612300006C20 /* Preview Assets.xcassets in Resources */ = {isa = PBXBuildFile; fileRef = 1BC668692721612300006C20 /* Preview Assets.xcassets */; };
		1BC6686F2721612300006C20 /* kongbaguniCaculatorClip.app in Embed App Clips */ = {isa = PBXBuildFile; fileRef = 1BC668602721612200006C20 /* kongbaguniCaculatorClip.app */; platformFilter = ios; settings = {ATTRIBUTES = (RemoveHeadersOnCopy, ); }; };
		1BD60CF327294AB2002684D6 /* Color.swift in Sources */ = {isa = PBXBuildFile; fileRef = 1BD60CF227294AB2002684D6 /* Color.swift */; };
		1BD60CF527294B99002684D6 /* Color.swift in Sources */ = {isa = PBXBuildFile; fileRef = 1BD60CF227294AB2002684D6 /* Color.swift */; };
		1BE71E012991AE76007F07F1 /* GoogleMobileAds in Frameworks */ = {isa = PBXBuildFile; productRef = 1BE71E002991AE76007F07F1 /* GoogleMobileAds */; };
		1BE71E152991B2A5007F07F1 /* FirebaseAnalytics in Frameworks */ = {isa = PBXBuildFile; productRef = 1BE71E142991B2A5007F07F1 /* FirebaseAnalytics */; };
		1BE71E172991B2A5007F07F1 /* FirebaseAnalyticsSwift in Frameworks */ = {isa = PBXBuildFile; productRef = 1BE71E162991B2A5007F07F1 /* FirebaseAnalyticsSwift */; };
		1BE71E192991B2A5007F07F1 /* FirebaseCrashlytics in Frameworks */ = {isa = PBXBuildFile; productRef = 1BE71E182991B2A5007F07F1 /* FirebaseCrashlytics */; };
		1BE71E1B2991B2A5007F07F1 /* FirebasePerformance in Frameworks */ = {isa = PBXBuildFile; productRef = 1BE71E1A2991B2A5007F07F1 /* FirebasePerformance */; };
		1BFAC8B7299235BD00F056DC /* RxCocoa in Frameworks */ = {isa = PBXBuildFile; productRef = 1BFAC8B6299235BD00F056DC /* RxCocoa */; };
		1BFAC8B9299235BD00F056DC /* RxSwift in Frameworks */ = {isa = PBXBuildFile; productRef = 1BFAC8B8299235BD00F056DC /* RxSwift */; };
		1BFAC8BC299235FA00F056DC /* RxRealm in Frameworks */ = {isa = PBXBuildFile; productRef = 1BFAC8BB299235FA00F056DC /* RxRealm */; };
		8D16E33F282CC6FF005E3CC0 /* Userdefault+Extensions.swift in Sources */ = {isa = PBXBuildFile; fileRef = 8D16E33E282CC6FF005E3CC0 /* Userdefault+Extensions.swift */; };
		8D16E341282CC6FF005E3CC0 /* Userdefault+Extensions.swift in Sources */ = {isa = PBXBuildFile; fileRef = 8D16E33E282CC6FF005E3CC0 /* Userdefault+Extensions.swift */; };
		8D16E343282CC920005E3CC0 /* UIApplication+Extensions.swift in Sources */ = {isa = PBXBuildFile; fileRef = 8D16E342282CC920005E3CC0 /* UIApplication+Extensions.swift */; };
		8D16E345282CC920005E3CC0 /* UIApplication+Extensions.swift in Sources */ = {isa = PBXBuildFile; fileRef = 8D16E342282CC920005E3CC0 /* UIApplication+Extensions.swift */; };
		8D5C8386282B472200423C9F /* GoogleAd.swift in Sources */ = {isa = PBXBuildFile; fileRef = 8D5C8385282B472200423C9F /* GoogleAd.swift */; };
		8D5C838A282BA17800423C9F /* BannerAdView.swift in Sources */ = {isa = PBXBuildFile; fileRef = 8D5C8389282BA17800423C9F /* BannerAdView.swift */; };
		8D76A5CD28E576B00088E67F /* Toast.swift in Sources */ = {isa = PBXBuildFile; fileRef = 8D76A5CC28E576B00088E67F /* Toast.swift */; };
		8D76A5CF28E576B00088E67F /* Toast.swift in Sources */ = {isa = PBXBuildFile; fileRef = 8D76A5CC28E576B00088E67F /* Toast.swift */; };
		8D84E4532941655300BF9C6E /* GoogleService-Info.plist in Resources */ = {isa = PBXBuildFile; fileRef = 8D84E4522941655200BF9C6E /* GoogleService-Info.plist */; };
		8D84E4552941655300BF9C6E /* GoogleService-Info.plist in Resources */ = {isa = PBXBuildFile; fileRef = 8D84E4522941655200BF9C6E /* GoogleService-Info.plist */; };
		8DEA3D592936DD5B008C29FA /* EditMemoView.swift in Sources */ = {isa = PBXBuildFile; fileRef = 8DEA3D582936DD5B008C29FA /* EditMemoView.swift */; };
		8DEA3D5C2939845B008C29FA /* KeyboardReadable.swift in Sources */ = {isa = PBXBuildFile; fileRef = 8DEA3D5B2939845B008C29FA /* KeyboardReadable.swift */; };
		8DEA3D5E2939845B008C29FA /* KeyboardReadable.swift in Sources */ = {isa = PBXBuildFile; fileRef = 8DEA3D5B2939845B008C29FA /* KeyboardReadable.swift */; };
		8DF082A32948642400615541 /* Assets.xcassets in Resources */ = {isa = PBXBuildFile; fileRef = 1B06FA0E270D792A0079B080 /* Assets.xcassets */; };
		8DF082A42948642500615541 /* Assets.xcassets in Resources */ = {isa = PBXBuildFile; fileRef = 1B06FA0E270D792A0079B080 /* Assets.xcassets */; };
/* End PBXBuildFile section */

/* Begin PBXContainerItemProxy section */
		1B8FDB452A4E650D007BE5E5 /* PBXContainerItemProxy */ = {
			isa = PBXContainerItemProxy;
			containerPortal = 1B06FA07270D79280079B080 /* Project object */;
			proxyType = 1;
			remoteGlobalIDString = 1B8FDB322A4E650C007BE5E5;
			remoteInfo = widgetExtension;
		};
		1BC6686D2721612300006C20 /* PBXContainerItemProxy */ = {
			isa = PBXContainerItemProxy;
			containerPortal = 1B06FA07270D79280079B080 /* Project object */;
			proxyType = 1;
			remoteGlobalIDString = 1BC6685F2721612200006C20;
			remoteInfo = calculator_clip;
		};
/* End PBXContainerItemProxy section */

/* Begin PBXCopyFilesBuildPhase section */
		1B8FDB482A4E650D007BE5E5 /* Embed Foundation Extensions */ = {
			isa = PBXCopyFilesBuildPhase;
			buildActionMask = 2147483647;
			dstPath = "";
			dstSubfolderSpec = 13;
			files = (
				1B8FDB472A4E650D007BE5E5 /* widgetExtension.appex in Embed Foundation Extensions */,
			);
			name = "Embed Foundation Extensions";
			runOnlyForDeploymentPostprocessing = 0;
		};
		1BC668702721612300006C20 /* Embed App Clips */ = {
			isa = PBXCopyFilesBuildPhase;
			buildActionMask = 2147483647;
			dstPath = "$(CONTENTS_FOLDER_PATH)/AppClips";
			dstSubfolderSpec = 16;
			files = (
				1BC6686F2721612300006C20 /* kongbaguniCaculatorClip.app in Embed App Clips */,
			);
			name = "Embed App Clips";
			runOnlyForDeploymentPostprocessing = 0;
		};
/* End PBXCopyFilesBuildPhase section */

/* Begin PBXFileReference section */
		1B05516B2A5B9B30002904B5 /* widgetExtension.entitlements */ = {isa = PBXFileReference; lastKnownFileType = text.plist.entitlements; path = widgetExtension.entitlements; sourceTree = "<group>"; };
		1B05516C2A5B9D42002904B5 /* Realm+Extensions.swift */ = {isa = PBXFileReference; lastKnownFileType = sourcecode.swift; path = "Realm+Extensions.swift"; sourceTree = "<group>"; };
		1B06FA0C270D79280079B080 /* MainApp.swift */ = {isa = PBXFileReference; lastKnownFileType = sourcecode.swift; path = MainApp.swift; sourceTree = "<group>"; };
		1B06FA0D270D79280079B080 /* ContentView.swift */ = {isa = PBXFileReference; lastKnownFileType = sourcecode.swift; path = ContentView.swift; sourceTree = "<group>"; };
		1B06FA0E270D792A0079B080 /* Assets.xcassets */ = {isa = PBXFileReference; lastKnownFileType = folder.assetcatalog; path = Assets.xcassets; sourceTree = "<group>"; };
		1B06FA13270D792A0079B080 /* kongbaguniCaculator.app */ = {isa = PBXFileReference; explicitFileType = wrapper.application; includeInIndex = 0; path = kongbaguniCaculator.app; sourceTree = BUILT_PRODUCTS_DIR; };
		1B06FA1B270D792A0079B080 /* macOS.entitlements */ = {isa = PBXFileReference; lastKnownFileType = text.plist.entitlements; path = macOS.entitlements; sourceTree = "<group>"; };
		1B29F778273C921A007BC9B2 /* HistoryModel.swift */ = {isa = PBXFileReference; lastKnownFileType = sourcecode.swift; path = HistoryModel.swift; sourceTree = "<group>"; };
		1B29F783273CC7CC007BC9B2 /* en */ = {isa = PBXFileReference; lastKnownFileType = text.plist.strings; name = en; path = en.lproj/Localizable.strings; sourceTree = "<group>"; };
		1B29F785273CC7CF007BC9B2 /* ko */ = {isa = PBXFileReference; lastKnownFileType = text.plist.strings; name = ko; path = ko.lproj/Localizable.strings; sourceTree = "<group>"; };
		1B29F786273CF0CA007BC9B2 /* HistoryListView.swift */ = {isa = PBXFileReference; lastKnownFileType = sourcecode.swift; path = HistoryListView.swift; sourceTree = "<group>"; };
		1B29F78B273D08FF007BC9B2 /* Date+Extensions.swift */ = {isa = PBXFileReference; lastKnownFileType = sourcecode.swift; path = "Date+Extensions.swift"; sourceTree = "<group>"; };
		1B29F792273DF8ED007BC9B2 /* calculator (iOS).entitlements */ = {isa = PBXFileReference; lastKnownFileType = text.plist.entitlements; path = "calculator (iOS).entitlements"; sourceTree = "<group>"; };
		1B39958C273E3BA200EAADD8 /* Launch Screen.storyboard */ = {isa = PBXFileReference; lastKnownFileType = file.storyboard; path = "Launch Screen.storyboard"; sourceTree = "<group>"; };
		1B399590273E3DC800EAADD8 /* String+Extensions.swift */ = {isa = PBXFileReference; lastKnownFileType = sourcecode.swift; path = "String+Extensions.swift"; sourceTree = "<group>"; };
		1B39959B273E456F00EAADD8 /* en */ = {isa = PBXFileReference; lastKnownFileType = text.plist.strings; name = en; path = en.lproj/InfoPlist.strings; sourceTree = "<group>"; };
		1B39959D273E457100EAADD8 /* ko */ = {isa = PBXFileReference; lastKnownFileType = text.plist.strings; name = ko; path = ko.lproj/InfoPlist.strings; sourceTree = "<group>"; };
		1B8FDB332A4E650C007BE5E5 /* widgetExtension.appex */ = {isa = PBXFileReference; explicitFileType = "wrapper.app-extension"; includeInIndex = 0; path = widgetExtension.appex; sourceTree = BUILT_PRODUCTS_DIR; };
		1B8FDB342A4E650C007BE5E5 /* WidgetKit.framework */ = {isa = PBXFileReference; lastKnownFileType = wrapper.framework; name = WidgetKit.framework; path = System/Library/Frameworks/WidgetKit.framework; sourceTree = SDKROOT; };
		1B8FDB362A4E650C007BE5E5 /* SwiftUI.framework */ = {isa = PBXFileReference; lastKnownFileType = wrapper.framework; name = SwiftUI.framework; path = System/Library/Frameworks/SwiftUI.framework; sourceTree = SDKROOT; };
		1B8FDB392A4E650C007BE5E5 /* widgetBundle.swift */ = {isa = PBXFileReference; lastKnownFileType = sourcecode.swift; path = widgetBundle.swift; sourceTree = "<group>"; };
		1B8FDB3B2A4E650C007BE5E5 /* widgetLiveActivity.swift */ = {isa = PBXFileReference; lastKnownFileType = sourcecode.swift; path = widgetLiveActivity.swift; sourceTree = "<group>"; };
		1B8FDB3D2A4E650C007BE5E5 /* widget.swift */ = {isa = PBXFileReference; lastKnownFileType = sourcecode.swift; path = widget.swift; sourceTree = "<group>"; };
		1B8FDB3F2A4E650C007BE5E5 /* widget.intentdefinition */ = {isa = PBXFileReference; lastKnownFileType = file.intentdefinition; path = widget.intentdefinition; sourceTree = "<group>"; };
		1B8FDB402A4E650D007BE5E5 /* Assets.xcassets */ = {isa = PBXFileReference; lastKnownFileType = folder.assetcatalog; path = Assets.xcassets; sourceTree = "<group>"; };
		1B8FDB422A4E650D007BE5E5 /* Info.plist */ = {isa = PBXFileReference; lastKnownFileType = text.plist.xml; path = Info.plist; sourceTree = "<group>"; };
		1B98CDF32710020F00FC3E9E /* KeyEventHandling.swift */ = {isa = PBXFileReference; lastKnownFileType = sourcecode.swift; path = KeyEventHandling.swift; sourceTree = "<group>"; };
		1B98CDF62710024400FC3E9E /* Calculator.swift */ = {isa = PBXFileReference; lastKnownFileType = sourcecode.swift; path = Calculator.swift; sourceTree = "<group>"; };
		1BA96B0D27229E10002B2419 /* CalculatorView.swift */ = {isa = PBXFileReference; lastKnownFileType = sourcecode.swift; path = CalculatorView.swift; sourceTree = "<group>"; };
		1BAE669D273A4A5300C82269 /* Stack.swift */ = {isa = PBXFileReference; lastKnownFileType = sourcecode.swift; path = Stack.swift; sourceTree = "<group>"; };
		1BC668602721612200006C20 /* kongbaguniCaculatorClip.app */ = {isa = PBXFileReference; explicitFileType = wrapper.application; includeInIndex = 0; path = kongbaguniCaculatorClip.app; sourceTree = BUILT_PRODUCTS_DIR; };
		1BC668622721612200006C20 /* calculator_clipApp.swift */ = {isa = PBXFileReference; lastKnownFileType = sourcecode.swift; path = calculator_clipApp.swift; sourceTree = "<group>"; };
		1BC668692721612300006C20 /* Preview Assets.xcassets */ = {isa = PBXFileReference; lastKnownFileType = folder.assetcatalog; path = "Preview Assets.xcassets"; sourceTree = "<group>"; };
		1BC6686B2721612300006C20 /* Info.plist */ = {isa = PBXFileReference; lastKnownFileType = text.plist.xml; path = Info.plist; sourceTree = "<group>"; };
		1BC6686C2721612300006C20 /* calculator_clip.entitlements */ = {isa = PBXFileReference; lastKnownFileType = text.plist.entitlements; path = calculator_clip.entitlements; sourceTree = "<group>"; };
		1BD60CF227294AB2002684D6 /* Color.swift */ = {isa = PBXFileReference; lastKnownFileType = sourcecode.swift; path = Color.swift; sourceTree = "<group>"; };
		68F3747D402E0B36A11E530E /* Pods_calculator__iOS_.framework */ = {isa = PBXFileReference; explicitFileType = wrapper.framework; includeInIndex = 0; path = Pods_calculator__iOS_.framework; sourceTree = BUILT_PRODUCTS_DIR; };
		71587E21553DF7AF863D8F1C /* Pods_calculator__macOS_.framework */ = {isa = PBXFileReference; explicitFileType = wrapper.framework; includeInIndex = 0; path = Pods_calculator__macOS_.framework; sourceTree = BUILT_PRODUCTS_DIR; };
		83C8DD374C616DC5C66FAA2B /* Pods_calculator_clip.framework */ = {isa = PBXFileReference; explicitFileType = wrapper.framework; includeInIndex = 0; path = Pods_calculator_clip.framework; sourceTree = BUILT_PRODUCTS_DIR; };
		8D16E33E282CC6FF005E3CC0 /* Userdefault+Extensions.swift */ = {isa = PBXFileReference; lastKnownFileType = sourcecode.swift; path = "Userdefault+Extensions.swift"; sourceTree = "<group>"; };
		8D16E342282CC920005E3CC0 /* UIApplication+Extensions.swift */ = {isa = PBXFileReference; lastKnownFileType = sourcecode.swift; path = "UIApplication+Extensions.swift"; sourceTree = "<group>"; };
		8D5C8385282B472200423C9F /* GoogleAd.swift */ = {isa = PBXFileReference; fileEncoding = 4; lastKnownFileType = sourcecode.swift; path = GoogleAd.swift; sourceTree = "<group>"; };
		8D5C8388282B94B500423C9F /* calculator--iOS--Info.plist */ = {isa = PBXFileReference; lastKnownFileType = text.plist; path = "calculator--iOS--Info.plist"; sourceTree = "<group>"; };
		8D5C8389282BA17800423C9F /* BannerAdView.swift */ = {isa = PBXFileReference; fileEncoding = 4; lastKnownFileType = sourcecode.swift; path = BannerAdView.swift; sourceTree = "<group>"; };
		8D76A5CC28E576B00088E67F /* Toast.swift */ = {isa = PBXFileReference; fileEncoding = 4; lastKnownFileType = sourcecode.swift; path = Toast.swift; sourceTree = "<group>"; };
		8D76A5D028E595F60088E67F /* calculator--macOS--Info.plist */ = {isa = PBXFileReference; lastKnownFileType = text.plist; path = "calculator--macOS--Info.plist"; sourceTree = "<group>"; };
		8D84E4522941655200BF9C6E /* GoogleService-Info.plist */ = {isa = PBXFileReference; fileEncoding = 4; lastKnownFileType = text.plist.xml; path = "GoogleService-Info.plist"; sourceTree = "<group>"; };
		8DEA3D582936DD5B008C29FA /* EditMemoView.swift */ = {isa = PBXFileReference; lastKnownFileType = sourcecode.swift; path = EditMemoView.swift; sourceTree = "<group>"; };
		8DEA3D5B2939845B008C29FA /* KeyboardReadable.swift */ = {isa = PBXFileReference; lastKnownFileType = sourcecode.swift; path = KeyboardReadable.swift; sourceTree = "<group>"; };
/* End PBXFileReference section */

/* Begin PBXFrameworksBuildPhase section */
		1B06FA10270D792A0079B080 /* Frameworks */ = {
			isa = PBXFrameworksBuildPhase;
			buildActionMask = 2147483647;
			files = (
				1BFAC8B7299235BD00F056DC /* RxCocoa in Frameworks */,
				1BE71E172991B2A5007F07F1 /* FirebaseAnalyticsSwift in Frameworks */,
				1BFAC8BC299235FA00F056DC /* RxRealm in Frameworks */,
				1BE71E012991AE76007F07F1 /* GoogleMobileAds in Frameworks */,
				1BE71E192991B2A5007F07F1 /* FirebaseCrashlytics in Frameworks */,
				1BE71E152991B2A5007F07F1 /* FirebaseAnalytics in Frameworks */,
				1BE71E1B2991B2A5007F07F1 /* FirebasePerformance in Frameworks */,
				1BFAC8B9299235BD00F056DC /* RxSwift in Frameworks */,
			);
			runOnlyForDeploymentPostprocessing = 0;
		};
		1B8FDB302A4E650C007BE5E5 /* Frameworks */ = {
			isa = PBXFrameworksBuildPhase;
			buildActionMask = 2147483647;
			files = (
				1B0551692A5B9939002904B5 /* RxRealm in Frameworks */,
				1B8FDB372A4E650C007BE5E5 /* SwiftUI.framework in Frameworks */,
				1B8FDB352A4E650C007BE5E5 /* WidgetKit.framework in Frameworks */,
			);
			runOnlyForDeploymentPostprocessing = 0;
		};
		1BC6685D2721612200006C20 /* Frameworks */ = {
			isa = PBXFrameworksBuildPhase;
			buildActionMask = 2147483647;
			files = (
			);
			runOnlyForDeploymentPostprocessing = 0;
		};
/* End PBXFrameworksBuildPhase section */

/* Begin PBXGroup section */
		1B06FA06270D79280079B080 = {
			isa = PBXGroup;
			children = (
				1B05516B2A5B9B30002904B5 /* widgetExtension.entitlements */,
				8D76A5D028E595F60088E67F /* calculator--macOS--Info.plist */,
				8D5C8388282B94B500423C9F /* calculator--iOS--Info.plist */,
				1B39959C273E456F00EAADD8 /* InfoPlist.strings */,
				1B29F792273DF8ED007BC9B2 /* calculator (iOS).entitlements */,
				1B06FA0B270D79280079B080 /* Shared */,
				1B06FA1A270D792A0079B080 /* macOS */,
				1BC668612721612200006C20 /* calculator_clip */,
				1B8FDB382A4E650C007BE5E5 /* widget */,
				1B06FA14270D792A0079B080 /* Products */,
				6BCAB2FE77B66CF6125C1516 /* Frameworks */,
			);
			sourceTree = "<group>";
		};
		1B06FA0B270D79280079B080 /* Shared */ = {
			isa = PBXGroup;
			children = (
				1B05516C2A5B9D42002904B5 /* Realm+Extensions.swift */,
				8D84E4522941655200BF9C6E /* GoogleService-Info.plist */,
				1B39958C273E3BA200EAADD8 /* Launch Screen.storyboard */,
				1B29F78A273D08E7007BC9B2 /* Extensions */,
				1B29F78F273D115D007BC9B2 /* Model */,
				1B29F790273D116D007BC9B2 /* View */,
				1B06FA0C270D79280079B080 /* MainApp.swift */,
				8D76A5CC28E576B00088E67F /* Toast.swift */,
				1B98CDF32710020F00FC3E9E /* KeyEventHandling.swift */,
				8DEA3D5B2939845B008C29FA /* KeyboardReadable.swift */,
				1B98CDF62710024400FC3E9E /* Calculator.swift */,
				1BAE669D273A4A5300C82269 /* Stack.swift */,
				8D5C8385282B472200423C9F /* GoogleAd.swift */,
				1B29F784273CC7CC007BC9B2 /* Localizable.strings */,
				1B06FA0E270D792A0079B080 /* Assets.xcassets */,
				1BD60CF227294AB2002684D6 /* Color.swift */,
			);
			path = Shared;
			sourceTree = "<group>";
		};
		1B06FA14270D792A0079B080 /* Products */ = {
			isa = PBXGroup;
			children = (
				1B06FA13270D792A0079B080 /* kongbaguniCaculator.app */,
				1BC668602721612200006C20 /* kongbaguniCaculatorClip.app */,
				1B8FDB332A4E650C007BE5E5 /* widgetExtension.appex */,
			);
			name = Products;
			sourceTree = "<group>";
		};
		1B06FA1A270D792A0079B080 /* macOS */ = {
			isa = PBXGroup;
			children = (
				1B06FA1B270D792A0079B080 /* macOS.entitlements */,
			);
			path = macOS;
			sourceTree = "<group>";
		};
		1B29F78A273D08E7007BC9B2 /* Extensions */ = {
			isa = PBXGroup;
			children = (
				1B29F78B273D08FF007BC9B2 /* Date+Extensions.swift */,
				1B399590273E3DC800EAADD8 /* String+Extensions.swift */,
				8D16E33E282CC6FF005E3CC0 /* Userdefault+Extensions.swift */,
				8D16E342282CC920005E3CC0 /* UIApplication+Extensions.swift */,
			);
			path = Extensions;
			sourceTree = "<group>";
		};
		1B29F78F273D115D007BC9B2 /* Model */ = {
			isa = PBXGroup;
			children = (
				1B29F778273C921A007BC9B2 /* HistoryModel.swift */,
			);
			name = Model;
			sourceTree = "<group>";
		};
		1B29F790273D116D007BC9B2 /* View */ = {
			isa = PBXGroup;
			children = (
				8D5C8389282BA17800423C9F /* BannerAdView.swift */,
				1BA96B0D27229E10002B2419 /* CalculatorView.swift */,
				8DEA3D582936DD5B008C29FA /* EditMemoView.swift */,
				1B29F786273CF0CA007BC9B2 /* HistoryListView.swift */,
				1B06FA0D270D79280079B080 /* ContentView.swift */,
			);
			path = View;
			sourceTree = "<group>";
		};
		1B8FDB382A4E650C007BE5E5 /* widget */ = {
			isa = PBXGroup;
			children = (
				1B8FDB392A4E650C007BE5E5 /* widgetBundle.swift */,
				1B8FDB3B2A4E650C007BE5E5 /* widgetLiveActivity.swift */,
				1B8FDB3D2A4E650C007BE5E5 /* widget.swift */,
				1B8FDB3F2A4E650C007BE5E5 /* widget.intentdefinition */,
				1B8FDB402A4E650D007BE5E5 /* Assets.xcassets */,
				1B8FDB422A4E650D007BE5E5 /* Info.plist */,
			);
			path = widget;
			sourceTree = "<group>";
		};
		1BC668612721612200006C20 /* calculator_clip */ = {
			isa = PBXGroup;
			children = (
				1BC668622721612200006C20 /* calculator_clipApp.swift */,
				1BC6686B2721612300006C20 /* Info.plist */,
				1BC6686C2721612300006C20 /* calculator_clip.entitlements */,
				1BC668682721612300006C20 /* Preview Content */,
			);
			path = calculator_clip;
			sourceTree = "<group>";
		};
		1BC668682721612300006C20 /* Preview Content */ = {
			isa = PBXGroup;
			children = (
				1BC668692721612300006C20 /* Preview Assets.xcassets */,
			);
			path = "Preview Content";
			sourceTree = "<group>";
		};
		6BCAB2FE77B66CF6125C1516 /* Frameworks */ = {
			isa = PBXGroup;
			children = (
				83C8DD374C616DC5C66FAA2B /* Pods_calculator_clip.framework */,
				68F3747D402E0B36A11E530E /* Pods_calculator__iOS_.framework */,
				71587E21553DF7AF863D8F1C /* Pods_calculator__macOS_.framework */,
				1B8FDB342A4E650C007BE5E5 /* WidgetKit.framework */,
				1B8FDB362A4E650C007BE5E5 /* SwiftUI.framework */,
			);
			name = Frameworks;
			sourceTree = "<group>";
		};
/* End PBXGroup section */

/* Begin PBXNativeTarget section */
		1B06FA12270D792A0079B080 /* calculator (iOS) */ = {
			isa = PBXNativeTarget;
			buildConfigurationList = 1B06FA24270D792A0079B080 /* Build configuration list for PBXNativeTarget "calculator (iOS)" */;
			buildPhases = (
				1B06FA0F270D792A0079B080 /* Sources */,
				1B06FA10270D792A0079B080 /* Frameworks */,
				1B06FA11270D792A0079B080 /* Resources */,
				1BC668702721612300006C20 /* Embed App Clips */,
				8D84E45B29416DBD00BF9C6E /* Run Script */,
				1B8FDB482A4E650D007BE5E5 /* Embed Foundation Extensions */,
			);
			buildRules = (
			);
			dependencies = (
				1BC6686E2721612300006C20 /* PBXTargetDependency */,
				1B8FDB462A4E650D007BE5E5 /* PBXTargetDependency */,
			);
			name = "calculator (iOS)";
			packageProductDependencies = (
				1BE71E002991AE76007F07F1 /* GoogleMobileAds */,
				1BE71E142991B2A5007F07F1 /* FirebaseAnalytics */,
				1BE71E162991B2A5007F07F1 /* FirebaseAnalyticsSwift */,
				1BE71E182991B2A5007F07F1 /* FirebaseCrashlytics */,
				1BE71E1A2991B2A5007F07F1 /* FirebasePerformance */,
				1BFAC8B6299235BD00F056DC /* RxCocoa */,
				1BFAC8B8299235BD00F056DC /* RxSwift */,
				1BFAC8BB299235FA00F056DC /* RxRealm */,
			);
			productName = "Test (iOS)";
			productReference = 1B06FA13270D792A0079B080 /* kongbaguniCaculator.app */;
			productType = "com.apple.product-type.application";
		};
		1B8FDB322A4E650C007BE5E5 /* widgetExtension */ = {
			isa = PBXNativeTarget;
			buildConfigurationList = 1B8FDB4B2A4E650D007BE5E5 /* Build configuration list for PBXNativeTarget "widgetExtension" */;
			buildPhases = (
				1B8FDB2F2A4E650C007BE5E5 /* Sources */,
				1B8FDB302A4E650C007BE5E5 /* Frameworks */,
				1B8FDB312A4E650C007BE5E5 /* Resources */,
			);
			buildRules = (
			);
			dependencies = (
			);
			name = widgetExtension;
			packageProductDependencies = (
				1B0551682A5B9939002904B5 /* RxRealm */,
			);
			productName = widgetExtension;
			productReference = 1B8FDB332A4E650C007BE5E5 /* widgetExtension.appex */;
			productType = "com.apple.product-type.app-extension";
		};
		1BC6685F2721612200006C20 /* calculator_clip */ = {
			isa = PBXNativeTarget;
			buildConfigurationList = 1BC668732721612300006C20 /* Build configuration list for PBXNativeTarget "calculator_clip" */;
			buildPhases = (
				1BC6685C2721612200006C20 /* Sources */,
				1BC6685D2721612200006C20 /* Frameworks */,
				1BC6685E2721612200006C20 /* Resources */,
			);
			buildRules = (
			);
			dependencies = (
			);
			name = calculator_clip;
			productName = calculator_clip;
			productReference = 1BC668602721612200006C20 /* kongbaguniCaculatorClip.app */;
			productType = "com.apple.product-type.application.on-demand-install-capable";
		};
/* End PBXNativeTarget section */

/* Begin PBXProject section */
		1B06FA07270D79280079B080 /* Project object */ = {
			isa = PBXProject;
			attributes = {
				BuildIndependentTargetsInParallel = 1;
				LastSwiftUpdateCheck = 1430;
				LastUpgradeCheck = 1400;
				TargetAttributes = {
					1B06FA12270D792A0079B080 = {
						CreatedOnToolsVersion = 13.0;
					};
					1B8FDB322A4E650C007BE5E5 = {
						CreatedOnToolsVersion = 14.3.1;
					};
					1BC6685F2721612200006C20 = {
						CreatedOnToolsVersion = 13.0;
					};
				};
			};
			buildConfigurationList = 1B06FA0A270D79280079B080 /* Build configuration list for PBXProject "Calculator" */;
			compatibilityVersion = "Xcode 13.0";
			developmentRegion = en;
			hasScannedForEncodings = 0;
			knownRegions = (
				en,
				Base,
				ko,
			);
			mainGroup = 1B06FA06270D79280079B080;
			packageReferences = (
				1BE71DFF2991AE76007F07F1 /* XCRemoteSwiftPackageReference "swift-package-manager-google-mobile-ads" */,
				1BE71E132991B2A5007F07F1 /* XCRemoteSwiftPackageReference "firebase-ios-sdk" */,
				1BFAC8B5299235BD00F056DC /* XCRemoteSwiftPackageReference "RxSwift" */,
				1BFAC8BA299235FA00F056DC /* XCRemoteSwiftPackageReference "RxRealm" */,
			);
			productRefGroup = 1B06FA14270D792A0079B080 /* Products */;
			projectDirPath = "";
			projectRoot = "";
			targets = (
				1B06FA12270D792A0079B080 /* calculator (iOS) */,
				1BC6685F2721612200006C20 /* calculator_clip */,
				1B8FDB322A4E650C007BE5E5 /* widgetExtension */,
			);
		};
/* End PBXProject section */

/* Begin PBXResourcesBuildPhase section */
		1B06FA11270D792A0079B080 /* Resources */ = {
			isa = PBXResourcesBuildPhase;
			buildActionMask = 2147483647;
			files = (
				1B39958D273E3BFE00EAADD8 /* Launch Screen.storyboard in Resources */,
				1B399598273E456F00EAADD8 /* InfoPlist.strings in Resources */,
				8D84E4532941655300BF9C6E /* GoogleService-Info.plist in Resources */,
				1B29F780273CC7CC007BC9B2 /* Localizable.strings in Resources */,
				8DF082A32948642400615541 /* Assets.xcassets in Resources */,
			);
			runOnlyForDeploymentPostprocessing = 0;
		};
		1B8FDB312A4E650C007BE5E5 /* Resources */ = {
			isa = PBXResourcesBuildPhase;
			buildActionMask = 2147483647;
			files = (
				1B0551702A5BA122002904B5 /* Assets.xcassets in Resources */,
				1B8FDB412A4E650D007BE5E5 /* Assets.xcassets in Resources */,
			);
			runOnlyForDeploymentPostprocessing = 0;
		};
		1BC6685E2721612200006C20 /* Resources */ = {
			isa = PBXResourcesBuildPhase;
			buildActionMask = 2147483647;
			files = (
				1BC6686A2721612300006C20 /* Preview Assets.xcassets in Resources */,
				1B39959A273E456F00EAADD8 /* InfoPlist.strings in Resources */,
				1B39958F273E3C0000EAADD8 /* Launch Screen.storyboard in Resources */,
				1B29F782273CC7CC007BC9B2 /* Localizable.strings in Resources */,
				8DF082A42948642500615541 /* Assets.xcassets in Resources */,
				8D84E4552941655300BF9C6E /* GoogleService-Info.plist in Resources */,
			);
			runOnlyForDeploymentPostprocessing = 0;
		};
/* End PBXResourcesBuildPhase section */

/* Begin PBXShellScriptBuildPhase section */
		8D84E45B29416DBD00BF9C6E /* Run Script */ = {
			isa = PBXShellScriptBuildPhase;
			buildActionMask = 2147483647;
			files = (
			);
			inputFileListPaths = (
			);
			inputPaths = (
				"${DWARF_DSYM_FOLDER_PATH}/${DWARF_DSYM_FILE_NAME}/Contents/Resources/DWARF/${TARGET_NAME}",
				"$(SRCROOT)/$(BUILT_PRODUCTS_DIR)/$(INFOPLIST_PATH)",
			);
			name = "Run Script";
			outputFileListPaths = (
			);
			outputPaths = (
			);
			runOnlyForDeploymentPostprocessing = 0;
			shellPath = /bin/sh;
			shellScript = "# Type a script or drag a script file from your workspace to insert its path.\n\"${BUILD_DIR%/Build/*}/SourcePackages/checkouts/firebase-ios-sdk/Crashlytics/run\"\n";
		};
/* End PBXShellScriptBuildPhase section */

/* Begin PBXSourcesBuildPhase section */
		1B06FA0F270D792A0079B080 /* Sources */ = {
			isa = PBXSourcesBuildPhase;
			buildActionMask = 2147483647;
			files = (
				8D16E343282CC920005E3CC0 /* UIApplication+Extensions.swift in Sources */,
				1B399591273E3DC800EAADD8 /* String+Extensions.swift in Sources */,
				1BA96B0E27229E10002B2419 /* CalculatorView.swift in Sources */,
				1B29F787273CF0CA007BC9B2 /* HistoryListView.swift in Sources */,
				8D5C838A282BA17800423C9F /* BannerAdView.swift in Sources */,
				1B29F78C273D08FF007BC9B2 /* Date+Extensions.swift in Sources */,
				1B98CDF72710024400FC3E9E /* Calculator.swift in Sources */,
				8D76A5CD28E576B00088E67F /* Toast.swift in Sources */,
				1B06FA1E270D792A0079B080 /* ContentView.swift in Sources */,
				1BD60CF327294AB2002684D6 /* Color.swift in Sources */,
				1B05516D2A5B9D42002904B5 /* Realm+Extensions.swift in Sources */,
				8DEA3D5C2939845B008C29FA /* KeyboardReadable.swift in Sources */,
				8D16E33F282CC6FF005E3CC0 /* Userdefault+Extensions.swift in Sources */,
				1B8FDB442A4E650D007BE5E5 /* widget.intentdefinition in Sources */,
				1BAE669E273A4A5300C82269 /* Stack.swift in Sources */,
				8DEA3D592936DD5B008C29FA /* EditMemoView.swift in Sources */,
				1B29F779273C921A007BC9B2 /* HistoryModel.swift in Sources */,
				8D5C8386282B472200423C9F /* GoogleAd.swift in Sources */,
				1B06FA1C270D792A0079B080 /* MainApp.swift in Sources */,
			);
			runOnlyForDeploymentPostprocessing = 0;
		};
		1B8FDB2F2A4E650C007BE5E5 /* Sources */ = {
			isa = PBXSourcesBuildPhase;
			buildActionMask = 2147483647;
			files = (
				1B8FDB432A4E650D007BE5E5 /* widget.intentdefinition in Sources */,
				1B05516F2A5B9D57002904B5 /* Realm+Extensions.swift in Sources */,
				1B0551712A5BC674002904B5 /* Color.swift in Sources */,
				1B05516A2A5B9940002904B5 /* HistoryModel.swift in Sources */,
				1B8FDB3E2A4E650C007BE5E5 /* widget.swift in Sources */,
				1B8FDB3C2A4E650C007BE5E5 /* widgetLiveActivity.swift in Sources */,
				1B8FDB3A2A4E650C007BE5E5 /* widgetBundle.swift in Sources */,
			);
			runOnlyForDeploymentPostprocessing = 0;
		};
		1BC6685C2721612200006C20 /* Sources */ = {
			isa = PBXSourcesBuildPhase;
			buildActionMask = 2147483647;
			files = (
				1BC668632721612200006C20 /* calculator_clipApp.swift in Sources */,
				1B399593273E3DC800EAADD8 /* String+Extensions.swift in Sources */,
				8D16E345282CC920005E3CC0 /* UIApplication+Extensions.swift in Sources */,
				1B29F791273D1299007BC9B2 /* CalculatorView.swift in Sources */,
				1B29F78E273D08FF007BC9B2 /* Date+Extensions.swift in Sources */,
				1BAE66A0273A4A5300C82269 /* Stack.swift in Sources */,
				8DEA3D5E2939845B008C29FA /* KeyboardReadable.swift in Sources */,
				1BD60CF527294B99002684D6 /* Color.swift in Sources */,
				8D76A5CF28E576B00088E67F /* Toast.swift in Sources */,
				8D16E341282CC6FF005E3CC0 /* Userdefault+Extensions.swift in Sources */,
				1BA96B0B27229DBC002B2419 /* Calculator.swift in Sources */,
			);
			runOnlyForDeploymentPostprocessing = 0;
		};
/* End PBXSourcesBuildPhase section */

/* Begin PBXTargetDependency section */
		1B8FDB462A4E650D007BE5E5 /* PBXTargetDependency */ = {
			isa = PBXTargetDependency;
			target = 1B8FDB322A4E650C007BE5E5 /* widgetExtension */;
			targetProxy = 1B8FDB452A4E650D007BE5E5 /* PBXContainerItemProxy */;
		};
		1BC6686E2721612300006C20 /* PBXTargetDependency */ = {
			isa = PBXTargetDependency;
			platformFilter = ios;
			target = 1BC6685F2721612200006C20 /* calculator_clip */;
			targetProxy = 1BC6686D2721612300006C20 /* PBXContainerItemProxy */;
		};
/* End PBXTargetDependency section */

/* Begin PBXVariantGroup section */
		1B29F784273CC7CC007BC9B2 /* Localizable.strings */ = {
			isa = PBXVariantGroup;
			children = (
				1B29F783273CC7CC007BC9B2 /* en */,
				1B29F785273CC7CF007BC9B2 /* ko */,
			);
			name = Localizable.strings;
			sourceTree = "<group>";
		};
		1B39959C273E456F00EAADD8 /* InfoPlist.strings */ = {
			isa = PBXVariantGroup;
			children = (
				1B39959B273E456F00EAADD8 /* en */,
				1B39959D273E457100EAADD8 /* ko */,
			);
			name = InfoPlist.strings;
			sourceTree = "<group>";
		};
/* End PBXVariantGroup section */

/* Begin XCBuildConfiguration section */
		1B06FA22270D792A0079B080 /* Debug */ = {
			isa = XCBuildConfiguration;
			buildSettings = {
				ALWAYS_SEARCH_USER_PATHS = NO;
				CLANG_ANALYZER_LOCALIZABILITY_NONLOCALIZED = YES;
				CLANG_ANALYZER_NONNULL = YES;
				CLANG_ANALYZER_NUMBER_OBJECT_CONVERSION = YES_AGGRESSIVE;
				CLANG_CXX_LANGUAGE_STANDARD = "gnu++17";
				CLANG_CXX_LIBRARY = "libc++";
				CLANG_ENABLE_MODULES = YES;
				CLANG_ENABLE_OBJC_ARC = YES;
				CLANG_ENABLE_OBJC_WEAK = YES;
				CLANG_WARN_BLOCK_CAPTURE_AUTORELEASING = YES;
				CLANG_WARN_BOOL_CONVERSION = YES;
				CLANG_WARN_COMMA = YES;
				CLANG_WARN_CONSTANT_CONVERSION = YES;
				CLANG_WARN_DEPRECATED_OBJC_IMPLEMENTATIONS = YES;
				CLANG_WARN_DIRECT_OBJC_ISA_USAGE = YES_ERROR;
				CLANG_WARN_DOCUMENTATION_COMMENTS = YES;
				CLANG_WARN_EMPTY_BODY = YES;
				CLANG_WARN_ENUM_CONVERSION = YES;
				CLANG_WARN_INFINITE_RECURSION = YES;
				CLANG_WARN_INT_CONVERSION = YES;
				CLANG_WARN_NON_LITERAL_NULL_CONVERSION = YES;
				CLANG_WARN_OBJC_IMPLICIT_RETAIN_SELF = YES;
				CLANG_WARN_OBJC_LITERAL_CONVERSION = YES;
				CLANG_WARN_OBJC_ROOT_CLASS = YES_ERROR;
				CLANG_WARN_QUOTED_INCLUDE_IN_FRAMEWORK_HEADER = YES;
				CLANG_WARN_RANGE_LOOP_ANALYSIS = YES;
				CLANG_WARN_STRICT_PROTOTYPES = YES;
				CLANG_WARN_SUSPICIOUS_MOVE = YES;
				CLANG_WARN_UNGUARDED_AVAILABILITY = YES_AGGRESSIVE;
				CLANG_WARN_UNREACHABLE_CODE = YES;
				CLANG_WARN__DUPLICATE_METHOD_MATCH = YES;
				COPY_PHASE_STRIP = NO;
				DEAD_CODE_STRIPPING = YES;
				DEBUG_INFORMATION_FORMAT = dwarf;
				ENABLE_STRICT_OBJC_MSGSEND = YES;
				ENABLE_TESTABILITY = YES;
				GCC_C_LANGUAGE_STANDARD = gnu11;
				GCC_DYNAMIC_NO_PIC = NO;
				GCC_NO_COMMON_BLOCKS = YES;
				GCC_OPTIMIZATION_LEVEL = 0;
				GCC_PREPROCESSOR_DEFINITIONS = (
					"DEBUG=1",
					"$(inherited)",
				);
				GCC_WARN_64_TO_32_BIT_CONVERSION = YES;
				GCC_WARN_ABOUT_RETURN_TYPE = YES_ERROR;
				GCC_WARN_UNDECLARED_SELECTOR = YES;
				GCC_WARN_UNINITIALIZED_AUTOS = YES_AGGRESSIVE;
				GCC_WARN_UNUSED_FUNCTION = YES;
				GCC_WARN_UNUSED_VARIABLE = YES;
				IPHONEOS_DEPLOYMENT_TARGET = 15.0;
				MACOSX_DEPLOYMENT_TARGET = 12.0;
				MTL_ENABLE_DEBUG_INFO = INCLUDE_SOURCE;
				MTL_FAST_MATH = YES;
				ONLY_ACTIVE_ARCH = YES;
				SWIFT_ACTIVE_COMPILATION_CONDITIONS = DEBUG;
				SWIFT_OPTIMIZATION_LEVEL = "-Onone";
			};
			name = Debug;
		};
		1B06FA23270D792A0079B080 /* Release */ = {
			isa = XCBuildConfiguration;
			buildSettings = {
				ALWAYS_SEARCH_USER_PATHS = NO;
				CLANG_ANALYZER_LOCALIZABILITY_NONLOCALIZED = YES;
				CLANG_ANALYZER_NONNULL = YES;
				CLANG_ANALYZER_NUMBER_OBJECT_CONVERSION = YES_AGGRESSIVE;
				CLANG_CXX_LANGUAGE_STANDARD = "gnu++17";
				CLANG_CXX_LIBRARY = "libc++";
				CLANG_ENABLE_MODULES = YES;
				CLANG_ENABLE_OBJC_ARC = YES;
				CLANG_ENABLE_OBJC_WEAK = YES;
				CLANG_WARN_BLOCK_CAPTURE_AUTORELEASING = YES;
				CLANG_WARN_BOOL_CONVERSION = YES;
				CLANG_WARN_COMMA = YES;
				CLANG_WARN_CONSTANT_CONVERSION = YES;
				CLANG_WARN_DEPRECATED_OBJC_IMPLEMENTATIONS = YES;
				CLANG_WARN_DIRECT_OBJC_ISA_USAGE = YES_ERROR;
				CLANG_WARN_DOCUMENTATION_COMMENTS = YES;
				CLANG_WARN_EMPTY_BODY = YES;
				CLANG_WARN_ENUM_CONVERSION = YES;
				CLANG_WARN_INFINITE_RECURSION = YES;
				CLANG_WARN_INT_CONVERSION = YES;
				CLANG_WARN_NON_LITERAL_NULL_CONVERSION = YES;
				CLANG_WARN_OBJC_IMPLICIT_RETAIN_SELF = YES;
				CLANG_WARN_OBJC_LITERAL_CONVERSION = YES;
				CLANG_WARN_OBJC_ROOT_CLASS = YES_ERROR;
				CLANG_WARN_QUOTED_INCLUDE_IN_FRAMEWORK_HEADER = YES;
				CLANG_WARN_RANGE_LOOP_ANALYSIS = YES;
				CLANG_WARN_STRICT_PROTOTYPES = YES;
				CLANG_WARN_SUSPICIOUS_MOVE = YES;
				CLANG_WARN_UNGUARDED_AVAILABILITY = YES_AGGRESSIVE;
				CLANG_WARN_UNREACHABLE_CODE = YES;
				CLANG_WARN__DUPLICATE_METHOD_MATCH = YES;
				COPY_PHASE_STRIP = NO;
				DEAD_CODE_STRIPPING = YES;
				DEBUG_INFORMATION_FORMAT = "dwarf-with-dsym";
				ENABLE_NS_ASSERTIONS = NO;
				ENABLE_STRICT_OBJC_MSGSEND = YES;
				GCC_C_LANGUAGE_STANDARD = gnu11;
				GCC_NO_COMMON_BLOCKS = YES;
				GCC_WARN_64_TO_32_BIT_CONVERSION = YES;
				GCC_WARN_ABOUT_RETURN_TYPE = YES_ERROR;
				GCC_WARN_UNDECLARED_SELECTOR = YES;
				GCC_WARN_UNINITIALIZED_AUTOS = YES_AGGRESSIVE;
				GCC_WARN_UNUSED_FUNCTION = YES;
				GCC_WARN_UNUSED_VARIABLE = YES;
				IPHONEOS_DEPLOYMENT_TARGET = 15.0;
				MACOSX_DEPLOYMENT_TARGET = 12.0;
				MTL_ENABLE_DEBUG_INFO = NO;
				MTL_FAST_MATH = YES;
				SWIFT_COMPILATION_MODE = wholemodule;
				SWIFT_OPTIMIZATION_LEVEL = "-O";
			};
			name = Release;
		};
		1B06FA25270D792A0079B080 /* Debug */ = {
			isa = XCBuildConfiguration;
			buildSettings = {
				ALWAYS_EMBED_SWIFT_STANDARD_LIBRARIES = YES;
				ASSETCATALOG_COMPILER_APPICON_NAME = AppIcon;
				ASSETCATALOG_COMPILER_GLOBAL_ACCENT_COLOR_NAME = AccentColor;
				ASSETCATALOG_COMPILER_INCLUDE_ALL_APPICON_ASSETS = YES;
				CODE_SIGN_ENTITLEMENTS = "calculator (iOS).entitlements";
				CODE_SIGN_STYLE = Automatic;
				CURRENT_PROJECT_VERSION = 1;
				DEBUG_INFORMATION_FORMAT = "dwarf-with-dsym";
				DEVELOPMENT_TEAM = QU9EPTU238;
				ENABLE_PREVIEWS = YES;
				GENERATE_INFOPLIST_FILE = YES;
				INFOPLIST_FILE = "calculator--iOS--Info.plist";
				INFOPLIST_KEY_CFBundleDisplayName = "kong calc";
				INFOPLIST_KEY_LSApplicationCategoryType = "public.app-category.utilities";
				INFOPLIST_KEY_NSUserTrackingUsageDescription = "This identifier will be used to deliver personalized ads to you.";
				INFOPLIST_KEY_UIApplicationSceneManifest_Generation = YES;
				INFOPLIST_KEY_UIApplicationSupportsIndirectInputEvents = YES;
				INFOPLIST_KEY_UILaunchScreen_Generation = YES;
				INFOPLIST_KEY_UILaunchStoryboardName = "Launch Screen.storyboard";
				INFOPLIST_KEY_UISupportedInterfaceOrientations = "UIInterfaceOrientationPortrait UIInterfaceOrientationPortraitUpsideDown";
				INFOPLIST_KEY_UISupportedInterfaceOrientations_iPad = "UIInterfaceOrientationPortrait UIInterfaceOrientationPortraitUpsideDown UIInterfaceOrientationLandscapeLeft UIInterfaceOrientationLandscapeRight";
				INFOPLIST_KEY_UISupportedInterfaceOrientations_iPhone = "UIInterfaceOrientationPortrait UIInterfaceOrientationLandscapeLeft UIInterfaceOrientationLandscapeRight";
				IPHONEOS_DEPLOYMENT_TARGET = 15.0;
				LD_RUNPATH_SEARCH_PATHS = (
					"$(inherited)",
					"@executable_path/Frameworks",
				);
				MARKETING_VERSION = 1.3.6;
				OTHER_SWIFT_FLAGS = "$(inherited) -D COCOAPODS -D FULL";
				PRODUCT_BUNDLE_IDENTIFIER = net.kongbaguni.calculaor;
				PRODUCT_NAME = kongbaguniCaculator;
				SDKROOT = iphoneos;
				SUPPORTED_PLATFORMS = "iphoneos iphonesimulator";
				SUPPORTS_MACCATALYST = NO;
				SUPPORTS_MAC_DESIGNED_FOR_IPHONE_IPAD = YES;
				SWIFT_EMIT_LOC_STRINGS = YES;
				SWIFT_VERSION = 5.0;
				TARGETED_DEVICE_FAMILY = "1,2";
			};
			name = Debug;
		};
		1B06FA26270D792A0079B080 /* Release */ = {
			isa = XCBuildConfiguration;
			buildSettings = {
				ALWAYS_EMBED_SWIFT_STANDARD_LIBRARIES = YES;
				ASSETCATALOG_COMPILER_APPICON_NAME = AppIcon;
				ASSETCATALOG_COMPILER_GLOBAL_ACCENT_COLOR_NAME = AccentColor;
				ASSETCATALOG_COMPILER_INCLUDE_ALL_APPICON_ASSETS = YES;
				CODE_SIGN_ENTITLEMENTS = "calculator (iOS).entitlements";
				CODE_SIGN_IDENTITY = "Apple Development";
				CODE_SIGN_STYLE = Automatic;
				CURRENT_PROJECT_VERSION = 1;
				DEVELOPMENT_TEAM = QU9EPTU238;
				ENABLE_PREVIEWS = YES;
				GENERATE_INFOPLIST_FILE = YES;
				INFOPLIST_FILE = "calculator--iOS--Info.plist";
				INFOPLIST_KEY_CFBundleDisplayName = "kong calc";
				INFOPLIST_KEY_LSApplicationCategoryType = "public.app-category.utilities";
				INFOPLIST_KEY_NSUserTrackingUsageDescription = "This identifier will be used to deliver personalized ads to you.";
				INFOPLIST_KEY_UIApplicationSceneManifest_Generation = YES;
				INFOPLIST_KEY_UIApplicationSupportsIndirectInputEvents = YES;
				INFOPLIST_KEY_UILaunchScreen_Generation = YES;
				INFOPLIST_KEY_UILaunchStoryboardName = "Launch Screen.storyboard";
				INFOPLIST_KEY_UISupportedInterfaceOrientations = "UIInterfaceOrientationPortrait UIInterfaceOrientationPortraitUpsideDown";
				INFOPLIST_KEY_UISupportedInterfaceOrientations_iPad = "UIInterfaceOrientationPortrait UIInterfaceOrientationPortraitUpsideDown UIInterfaceOrientationLandscapeLeft UIInterfaceOrientationLandscapeRight";
				INFOPLIST_KEY_UISupportedInterfaceOrientations_iPhone = "UIInterfaceOrientationPortrait UIInterfaceOrientationLandscapeLeft UIInterfaceOrientationLandscapeRight";
				IPHONEOS_DEPLOYMENT_TARGET = 15.0;
				LD_RUNPATH_SEARCH_PATHS = (
					"$(inherited)",
					"@executable_path/Frameworks",
				);
				MARKETING_VERSION = 1.3.6;
				OTHER_SWIFT_FLAGS = "$(inherited) -D COCOAPODS -D FULL";
				PRODUCT_BUNDLE_IDENTIFIER = net.kongbaguni.calculaor;
				PRODUCT_NAME = kongbaguniCaculator;
				PROVISIONING_PROFILE_SPECIFIER = "";
				SDKROOT = iphoneos;
				SUPPORTED_PLATFORMS = "iphoneos iphonesimulator";
				SUPPORTS_MACCATALYST = NO;
				SUPPORTS_MAC_DESIGNED_FOR_IPHONE_IPAD = YES;
				SWIFT_EMIT_LOC_STRINGS = YES;
				SWIFT_VERSION = 5.0;
				TARGETED_DEVICE_FAMILY = "1,2";
				VALIDATE_PRODUCT = YES;
			};
			name = Release;
		};
		1B8FDB492A4E650D007BE5E5 /* Debug */ = {
			isa = XCBuildConfiguration;
			buildSettings = {
				ASSETCATALOG_COMPILER_GLOBAL_ACCENT_COLOR_NAME = AccentColor;
				ASSETCATALOG_COMPILER_WIDGET_BACKGROUND_COLOR_NAME = WidgetBackground;
				CLANG_CXX_LANGUAGE_STANDARD = "gnu++20";
				CODE_SIGN_ENTITLEMENTS = widgetExtension.entitlements;
				CODE_SIGN_STYLE = Automatic;
				CURRENT_PROJECT_VERSION = 1;
				DEVELOPMENT_TEAM = QU9EPTU238;
				GENERATE_INFOPLIST_FILE = YES;
				INFOPLIST_FILE = widget/Info.plist;
				INFOPLIST_KEY_CFBundleDisplayName = widget;
				INFOPLIST_KEY_NSHumanReadableCopyright = "";
				IPHONEOS_DEPLOYMENT_TARGET = 16.4;
				LD_RUNPATH_SEARCH_PATHS = (
					"$(inherited)",
					"@executable_path/Frameworks",
					"@executable_path/../../Frameworks",
				);
				MARKETING_VERSION = 1.3.6;
				PRODUCT_BUNDLE_IDENTIFIER = net.kongbaguni.calculaor.widget;
				PRODUCT_NAME = "$(TARGET_NAME)";
				SDKROOT = iphoneos;
				SKIP_INSTALL = YES;
				SWIFT_EMIT_LOC_STRINGS = YES;
				SWIFT_VERSION = 5.0;
				TARGETED_DEVICE_FAMILY = "1,2";
			};
			name = Debug;
		};
		1B8FDB4A2A4E650D007BE5E5 /* Release */ = {
			isa = XCBuildConfiguration;
			buildSettings = {
				ASSETCATALOG_COMPILER_GLOBAL_ACCENT_COLOR_NAME = AccentColor;
				ASSETCATALOG_COMPILER_WIDGET_BACKGROUND_COLOR_NAME = WidgetBackground;
				CLANG_CXX_LANGUAGE_STANDARD = "gnu++20";
				CODE_SIGN_ENTITLEMENTS = widgetExtension.entitlements;
				CODE_SIGN_IDENTITY = "Apple Development";
				CODE_SIGN_STYLE = Automatic;
				CURRENT_PROJECT_VERSION = 1;
				DEVELOPMENT_TEAM = QU9EPTU238;
				GENERATE_INFOPLIST_FILE = YES;
				INFOPLIST_FILE = widget/Info.plist;
				INFOPLIST_KEY_CFBundleDisplayName = widget;
				INFOPLIST_KEY_NSHumanReadableCopyright = "";
				IPHONEOS_DEPLOYMENT_TARGET = 16.4;
				LD_RUNPATH_SEARCH_PATHS = (
					"$(inherited)",
					"@executable_path/Frameworks",
					"@executable_path/../../Frameworks",
				);
				MARKETING_VERSION = 1.3.6;
				PRODUCT_BUNDLE_IDENTIFIER = net.kongbaguni.calculaor.widget;
				PRODUCT_NAME = "$(TARGET_NAME)";
				SDKROOT = iphoneos;
				SKIP_INSTALL = YES;
				SWIFT_EMIT_LOC_STRINGS = YES;
				SWIFT_VERSION = 5.0;
				TARGETED_DEVICE_FAMILY = "1,2";
				VALIDATE_PRODUCT = YES;
			};
			name = Release;
		};
		1BC668712721612300006C20 /* Debug */ = {
			isa = XCBuildConfiguration;
			buildSettings = {
				ASSETCATALOG_COMPILER_APPICON_NAME = AppIcon;
				ASSETCATALOG_COMPILER_GLOBAL_ACCENT_COLOR_NAME = AccentColor;
				ASSETCATALOG_COMPILER_INCLUDE_ALL_APPICON_ASSETS = NO;
				CODE_SIGN_ENTITLEMENTS = calculator_clip/calculator_clip.entitlements;
				CODE_SIGN_STYLE = Automatic;
				CURRENT_PROJECT_VERSION = 1;
				DEVELOPMENT_ASSET_PATHS = "\"calculator_clip/Preview Content\"";
				DEVELOPMENT_TEAM = QU9EPTU238;
				ENABLE_PREVIEWS = YES;
				GENERATE_INFOPLIST_FILE = YES;
				INFOPLIST_FILE = calculator_clip/Info.plist;
				INFOPLIST_KEY_CFBundleDisplayName = "kong calc";
				INFOPLIST_KEY_LSApplicationCategoryType = "public.app-category.utilities";
				INFOPLIST_KEY_UIApplicationSceneManifest_Generation = YES;
				INFOPLIST_KEY_UIApplicationSupportsIndirectInputEvents = YES;
				INFOPLIST_KEY_UILaunchScreen_Generation = YES;
				INFOPLIST_KEY_UISupportedInterfaceOrientations = "UIInterfaceOrientationPortrait UIInterfaceOrientationPortraitUpsideDown";
				INFOPLIST_KEY_UISupportedInterfaceOrientations_iPad = "UIInterfaceOrientationPortrait UIInterfaceOrientationPortraitUpsideDown UIInterfaceOrientationLandscapeLeft UIInterfaceOrientationLandscapeRight";
				INFOPLIST_KEY_UISupportedInterfaceOrientations_iPhone = "UIInterfaceOrientationPortrait UIInterfaceOrientationLandscapeLeft UIInterfaceOrientationLandscapeRight";
				IPHONEOS_DEPLOYMENT_TARGET = 15.0;
				LD_RUNPATH_SEARCH_PATHS = (
					"$(inherited)",
					"@executable_path/Frameworks",
				);
				MARKETING_VERSION = 1.3.6;
				OTHER_SWIFT_FLAGS = "$(inherited) -D COCOAPODS -D CLIPAPP";
				PRODUCT_BUNDLE_IDENTIFIER = net.kongbaguni.calculaor.clip;
				PRODUCT_NAME = kongbaguniCaculatorClip;
				SDKROOT = iphoneos;
				SUPPORTED_PLATFORMS = "iphoneos iphonesimulator";
				SUPPORTS_MACCATALYST = NO;
				SUPPORTS_MAC_DESIGNED_FOR_IPHONE_IPAD = YES;
				SWIFT_EMIT_LOC_STRINGS = YES;
				SWIFT_VERSION = 5.0;
				TARGETED_DEVICE_FAMILY = "1,2";
			};
			name = Debug;
		};
		1BC668722721612300006C20 /* Release */ = {
			isa = XCBuildConfiguration;
			buildSettings = {
				ASSETCATALOG_COMPILER_APPICON_NAME = AppIcon;
				ASSETCATALOG_COMPILER_GLOBAL_ACCENT_COLOR_NAME = AccentColor;
				ASSETCATALOG_COMPILER_INCLUDE_ALL_APPICON_ASSETS = NO;
				CODE_SIGN_ENTITLEMENTS = calculator_clip/calculator_clip.entitlements;
				CODE_SIGN_IDENTITY = "Apple Development";
				CODE_SIGN_STYLE = Automatic;
				CURRENT_PROJECT_VERSION = 1;
				DEVELOPMENT_ASSET_PATHS = "\"calculator_clip/Preview Content\"";
				DEVELOPMENT_TEAM = QU9EPTU238;
				ENABLE_PREVIEWS = YES;
				GENERATE_INFOPLIST_FILE = YES;
				INFOPLIST_FILE = calculator_clip/Info.plist;
				INFOPLIST_KEY_CFBundleDisplayName = "kong calc";
				INFOPLIST_KEY_LSApplicationCategoryType = "public.app-category.utilities";
				INFOPLIST_KEY_UIApplicationSceneManifest_Generation = YES;
				INFOPLIST_KEY_UIApplicationSupportsIndirectInputEvents = YES;
				INFOPLIST_KEY_UILaunchScreen_Generation = YES;
				INFOPLIST_KEY_UISupportedInterfaceOrientations = "UIInterfaceOrientationPortrait UIInterfaceOrientationPortraitUpsideDown";
				INFOPLIST_KEY_UISupportedInterfaceOrientations_iPad = "UIInterfaceOrientationPortrait UIInterfaceOrientationPortraitUpsideDown UIInterfaceOrientationLandscapeLeft UIInterfaceOrientationLandscapeRight";
				INFOPLIST_KEY_UISupportedInterfaceOrientations_iPhone = "UIInterfaceOrientationPortrait UIInterfaceOrientationLandscapeLeft UIInterfaceOrientationLandscapeRight";
				IPHONEOS_DEPLOYMENT_TARGET = 15.0;
				LD_RUNPATH_SEARCH_PATHS = (
					"$(inherited)",
					"@executable_path/Frameworks",
				);
				MARKETING_VERSION = 1.3.6;
				OTHER_SWIFT_FLAGS = "$(inherited) -D COCOAPODS -D CLIPAPP";
				PRODUCT_BUNDLE_IDENTIFIER = net.kongbaguni.calculaor.clip;
				PRODUCT_NAME = kongbaguniCaculatorClip;
				PROVISIONING_PROFILE_SPECIFIER = "";
				SDKROOT = iphoneos;
				SUPPORTED_PLATFORMS = "iphoneos iphonesimulator";
				SUPPORTS_MACCATALYST = NO;
				SUPPORTS_MAC_DESIGNED_FOR_IPHONE_IPAD = YES;
				SWIFT_EMIT_LOC_STRINGS = YES;
				SWIFT_VERSION = 5.0;
				TARGETED_DEVICE_FAMILY = "1,2";
				VALIDATE_PRODUCT = YES;
			};
			name = Release;
		};
/* End XCBuildConfiguration section */

/* Begin XCConfigurationList section */
		1B06FA0A270D79280079B080 /* Build configuration list for PBXProject "Calculator" */ = {
			isa = XCConfigurationList;
			buildConfigurations = (
				1B06FA22270D792A0079B080 /* Debug */,
				1B06FA23270D792A0079B080 /* Release */,
			);
			defaultConfigurationIsVisible = 0;
			defaultConfigurationName = Release;
		};
		1B06FA24270D792A0079B080 /* Build configuration list for PBXNativeTarget "calculator (iOS)" */ = {
			isa = XCConfigurationList;
			buildConfigurations = (
				1B06FA25270D792A0079B080 /* Debug */,
				1B06FA26270D792A0079B080 /* Release */,
			);
			defaultConfigurationIsVisible = 0;
			defaultConfigurationName = Release;
		};
		1B8FDB4B2A4E650D007BE5E5 /* Build configuration list for PBXNativeTarget "widgetExtension" */ = {
			isa = XCConfigurationList;
			buildConfigurations = (
				1B8FDB492A4E650D007BE5E5 /* Debug */,
				1B8FDB4A2A4E650D007BE5E5 /* Release */,
			);
			defaultConfigurationIsVisible = 0;
			defaultConfigurationName = Release;
		};
		1BC668732721612300006C20 /* Build configuration list for PBXNativeTarget "calculator_clip" */ = {
			isa = XCConfigurationList;
			buildConfigurations = (
				1BC668712721612300006C20 /* Debug */,
				1BC668722721612300006C20 /* Release */,
			);
			defaultConfigurationIsVisible = 0;
			defaultConfigurationName = Release;
		};
/* End XCConfigurationList section */

/* Begin XCRemoteSwiftPackageReference section */
		1BE71DFF2991AE76007F07F1 /* XCRemoteSwiftPackageReference "swift-package-manager-google-mobile-ads" */ = {
			isa = XCRemoteSwiftPackageReference;
			repositoryURL = "https://github.com/googleads/swift-package-manager-google-mobile-ads.git";
			requirement = {
				kind = upToNextMajorVersion;
				minimumVersion = 9.0.0;
			};
		};
		1BE71E132991B2A5007F07F1 /* XCRemoteSwiftPackageReference "firebase-ios-sdk" */ = {
			isa = XCRemoteSwiftPackageReference;
			repositoryURL = "https://github.com/firebase/firebase-ios-sdk";
			requirement = {
				kind = upToNextMajorVersion;
				minimumVersion = 9.0.0;
			};
		};
		1BFAC8B5299235BD00F056DC /* XCRemoteSwiftPackageReference "RxSwift" */ = {
			isa = XCRemoteSwiftPackageReference;
			repositoryURL = "https://github.com/ReactiveX/RxSwift.git";
			requirement = {
				branch = main;
				kind = branch;
			};
		};
		1BFAC8BA299235FA00F056DC /* XCRemoteSwiftPackageReference "RxRealm" */ = {
			isa = XCRemoteSwiftPackageReference;
			repositoryURL = "https://github.com/RxSwiftCommunity/RxRealm.git";
			requirement = {
				branch = main;
				kind = branch;
			};
		};
/* End XCRemoteSwiftPackageReference section */

/* Begin XCSwiftPackageProductDependency section */
		1B0551682A5B9939002904B5 /* RxRealm */ = {
			isa = XCSwiftPackageProductDependency;
			package = 1BFAC8BA299235FA00F056DC /* XCRemoteSwiftPackageReference "RxRealm" */;
			productName = RxRealm;
		};
		1BE71E002991AE76007F07F1 /* GoogleMobileAds */ = {
			isa = XCSwiftPackageProductDependency;
			package = 1BE71DFF2991AE76007F07F1 /* XCRemoteSwiftPackageReference "swift-package-manager-google-mobile-ads" */;
			productName = GoogleMobileAds;
		};
		1BE71E142991B2A5007F07F1 /* FirebaseAnalytics */ = {
			isa = XCSwiftPackageProductDependency;
			package = 1BE71E132991B2A5007F07F1 /* XCRemoteSwiftPackageReference "firebase-ios-sdk" */;
			productName = FirebaseAnalytics;
		};
		1BE71E162991B2A5007F07F1 /* FirebaseAnalyticsSwift */ = {
			isa = XCSwiftPackageProductDependency;
			package = 1BE71E132991B2A5007F07F1 /* XCRemoteSwiftPackageReference "firebase-ios-sdk" */;
			productName = FirebaseAnalyticsSwift;
		};
		1BE71E182991B2A5007F07F1 /* FirebaseCrashlytics */ = {
			isa = XCSwiftPackageProductDependency;
			package = 1BE71E132991B2A5007F07F1 /* XCRemoteSwiftPackageReference "firebase-ios-sdk" */;
			productName = FirebaseCrashlytics;
		};
		1BE71E1A2991B2A5007F07F1 /* FirebasePerformance */ = {
			isa = XCSwiftPackageProductDependency;
			package = 1BE71E132991B2A5007F07F1 /* XCRemoteSwiftPackageReference "firebase-ios-sdk" */;
			productName = FirebasePerformance;
		};
		1BFAC8B6299235BD00F056DC /* RxCocoa */ = {
			isa = XCSwiftPackageProductDependency;
			package = 1BFAC8B5299235BD00F056DC /* XCRemoteSwiftPackageReference "RxSwift" */;
			productName = RxCocoa;
		};
		1BFAC8B8299235BD00F056DC /* RxSwift */ = {
			isa = XCSwiftPackageProductDependency;
			package = 1BFAC8B5299235BD00F056DC /* XCRemoteSwiftPackageReference "RxSwift" */;
			productName = RxSwift;
		};
		1BFAC8BB299235FA00F056DC /* RxRealm */ = {
			isa = XCSwiftPackageProductDependency;
			package = 1BFAC8BA299235FA00F056DC /* XCRemoteSwiftPackageReference "RxRealm" */;
			productName = RxRealm;
		};
/* End XCSwiftPackageProductDependency section */
	};
	rootObject = 1B06FA07270D79280079B080 /* Project object */;
}
