// !$*UTF8*$!
{
	archiveVersion = 1;
	classes = {
	};
	objectVersion = 55;
	objects = {

/* Begin PBXBuildFile section */
		009402E20A5133A0BE7EE80D /* Pods_calculator_clip.framework in Frameworks */ = {isa = PBXBuildFile; fileRef = 83C8DD374C616DC5C66FAA2B /* Pods_calculator_clip.framework */; };
		1B06FA1C270D792A0079B080 /* MainApp.swift in Sources */ = {isa = PBXBuildFile; fileRef = 1B06FA0C270D79280079B080 /* MainApp.swift */; };
		1B06FA1D270D792A0079B080 /* MainApp.swift in Sources */ = {isa = PBXBuildFile; fileRef = 1B06FA0C270D79280079B080 /* MainApp.swift */; };
		1B06FA1E270D792A0079B080 /* ContentView.swift in Sources */ = {isa = PBXBuildFile; fileRef = 1B06FA0D270D79280079B080 /* ContentView.swift */; };
		1B06FA1F270D792A0079B080 /* ContentView.swift in Sources */ = {isa = PBXBuildFile; fileRef = 1B06FA0D270D79280079B080 /* ContentView.swift */; };
		1B29F779273C921A007BC9B2 /* HistoryModel.swift in Sources */ = {isa = PBXBuildFile; fileRef = 1B29F778273C921A007BC9B2 /* HistoryModel.swift */; };
		1B29F77A273C921A007BC9B2 /* HistoryModel.swift in Sources */ = {isa = PBXBuildFile; fileRef = 1B29F778273C921A007BC9B2 /* HistoryModel.swift */; };
		1B29F780273CC7CC007BC9B2 /* Localizable.strings in Resources */ = {isa = PBXBuildFile; fileRef = 1B29F784273CC7CC007BC9B2 /* Localizable.strings */; };
		1B29F781273CC7CC007BC9B2 /* Localizable.strings in Resources */ = {isa = PBXBuildFile; fileRef = 1B29F784273CC7CC007BC9B2 /* Localizable.strings */; };
		1B29F782273CC7CC007BC9B2 /* Localizable.strings in Resources */ = {isa = PBXBuildFile; fileRef = 1B29F784273CC7CC007BC9B2 /* Localizable.strings */; };
		1B29F787273CF0CA007BC9B2 /* HistoryListView.swift in Sources */ = {isa = PBXBuildFile; fileRef = 1B29F786273CF0CA007BC9B2 /* HistoryListView.swift */; };
		1B29F788273CF0CA007BC9B2 /* HistoryListView.swift in Sources */ = {isa = PBXBuildFile; fileRef = 1B29F786273CF0CA007BC9B2 /* HistoryListView.swift */; };
		1B29F78C273D08FF007BC9B2 /* Date+Extensions.swift in Sources */ = {isa = PBXBuildFile; fileRef = 1B29F78B273D08FF007BC9B2 /* Date+Extensions.swift */; };
		1B29F78D273D08FF007BC9B2 /* Date+Extensions.swift in Sources */ = {isa = PBXBuildFile; fileRef = 1B29F78B273D08FF007BC9B2 /* Date+Extensions.swift */; };
		1B29F78E273D08FF007BC9B2 /* Date+Extensions.swift in Sources */ = {isa = PBXBuildFile; fileRef = 1B29F78B273D08FF007BC9B2 /* Date+Extensions.swift */; };
		1B29F791273D1299007BC9B2 /* CalculatorView.swift in Sources */ = {isa = PBXBuildFile; fileRef = 1BA96B0D27229E10002B2419 /* CalculatorView.swift */; };
		1B39958D273E3BFE00EAADD8 /* Launch Screen.storyboard in Resources */ = {isa = PBXBuildFile; fileRef = 1B39958C273E3BA200EAADD8 /* Launch Screen.storyboard */; };
		1B39958F273E3C0000EAADD8 /* Launch Screen.storyboard in Resources */ = {isa = PBXBuildFile; fileRef = 1B39958C273E3BA200EAADD8 /* Launch Screen.storyboard */; };
		1B399591273E3DC800EAADD8 /* String+Extensions.swift in Sources */ = {isa = PBXBuildFile; fileRef = 1B399590273E3DC800EAADD8 /* String+Extensions.swift */; };
		1B399592273E3DC800EAADD8 /* String+Extensions.swift in Sources */ = {isa = PBXBuildFile; fileRef = 1B399590273E3DC800EAADD8 /* String+Extensions.swift */; };
		1B399593273E3DC800EAADD8 /* String+Extensions.swift in Sources */ = {isa = PBXBuildFile; fileRef = 1B399590273E3DC800EAADD8 /* String+Extensions.swift */; };
		1B399598273E456F00EAADD8 /* InfoPlist.strings in Resources */ = {isa = PBXBuildFile; fileRef = 1B39959C273E456F00EAADD8 /* InfoPlist.strings */; };
		1B399599273E456F00EAADD8 /* InfoPlist.strings in Resources */ = {isa = PBXBuildFile; fileRef = 1B39959C273E456F00EAADD8 /* InfoPlist.strings */; };
		1B39959A273E456F00EAADD8 /* InfoPlist.strings in Resources */ = {isa = PBXBuildFile; fileRef = 1B39959C273E456F00EAADD8 /* InfoPlist.strings */; };
		1B98CDF52710020F00FC3E9E /* KeyEventHandling.swift in Sources */ = {isa = PBXBuildFile; fileRef = 1B98CDF32710020F00FC3E9E /* KeyEventHandling.swift */; };
		1B98CDF72710024400FC3E9E /* Calculator.swift in Sources */ = {isa = PBXBuildFile; fileRef = 1B98CDF62710024400FC3E9E /* Calculator.swift */; };
		1B98CDF82710024400FC3E9E /* Calculator.swift in Sources */ = {isa = PBXBuildFile; fileRef = 1B98CDF62710024400FC3E9E /* Calculator.swift */; };
		1BA96B0B27229DBC002B2419 /* Calculator.swift in Sources */ = {isa = PBXBuildFile; fileRef = 1B98CDF62710024400FC3E9E /* Calculator.swift */; };
		1BA96B0E27229E10002B2419 /* CalculatorView.swift in Sources */ = {isa = PBXBuildFile; fileRef = 1BA96B0D27229E10002B2419 /* CalculatorView.swift */; };
		1BA96B1027229E61002B2419 /* CalculatorView.swift in Sources */ = {isa = PBXBuildFile; fileRef = 1BA96B0D27229E10002B2419 /* CalculatorView.swift */; };
		1BAE669E273A4A5300C82269 /* Stack.swift in Sources */ = {isa = PBXBuildFile; fileRef = 1BAE669D273A4A5300C82269 /* Stack.swift */; };
		1BAE669F273A4A5300C82269 /* Stack.swift in Sources */ = {isa = PBXBuildFile; fileRef = 1BAE669D273A4A5300C82269 /* Stack.swift */; };
		1BAE66A0273A4A5300C82269 /* Stack.swift in Sources */ = {isa = PBXBuildFile; fileRef = 1BAE669D273A4A5300C82269 /* Stack.swift */; };
		1BC668632721612200006C20 /* calculator_clipApp.swift in Sources */ = {isa = PBXBuildFile; fileRef = 1BC668622721612200006C20 /* calculator_clipApp.swift */; };
		1BC6686A2721612300006C20 /* Preview Assets.xcassets in Resources */ = {isa = PBXBuildFile; fileRef = 1BC668692721612300006C20 /* Preview Assets.xcassets */; };
		1BC6686F2721612300006C20 /* kongbaguniCaculatorClip.app in Embed App Clips */ = {isa = PBXBuildFile; fileRef = 1BC668602721612200006C20 /* kongbaguniCaculatorClip.app */; platformFilter = ios; settings = {ATTRIBUTES = (RemoveHeadersOnCopy, ); }; };
		1BD60CF327294AB2002684D6 /* Color.swift in Sources */ = {isa = PBXBuildFile; fileRef = 1BD60CF227294AB2002684D6 /* Color.swift */; };
		1BD60CF427294AB2002684D6 /* Color.swift in Sources */ = {isa = PBXBuildFile; fileRef = 1BD60CF227294AB2002684D6 /* Color.swift */; };
		1BD60CF527294B99002684D6 /* Color.swift in Sources */ = {isa = PBXBuildFile; fileRef = 1BD60CF227294AB2002684D6 /* Color.swift */; };
		254BCED4569D71BA8A395F61 /* Pods_calculator__macOS_.framework in Frameworks */ = {isa = PBXBuildFile; fileRef = 71587E21553DF7AF863D8F1C /* Pods_calculator__macOS_.framework */; };
		8D16E33F282CC6FF005E3CC0 /* Userdefault+Extensions.swift in Sources */ = {isa = PBXBuildFile; fileRef = 8D16E33E282CC6FF005E3CC0 /* Userdefault+Extensions.swift */; };
		8D16E340282CC6FF005E3CC0 /* Userdefault+Extensions.swift in Sources */ = {isa = PBXBuildFile; fileRef = 8D16E33E282CC6FF005E3CC0 /* Userdefault+Extensions.swift */; };
		8D16E341282CC6FF005E3CC0 /* Userdefault+Extensions.swift in Sources */ = {isa = PBXBuildFile; fileRef = 8D16E33E282CC6FF005E3CC0 /* Userdefault+Extensions.swift */; };
		8D16E343282CC920005E3CC0 /* UIApplication+Extensions.swift in Sources */ = {isa = PBXBuildFile; fileRef = 8D16E342282CC920005E3CC0 /* UIApplication+Extensions.swift */; };
		8D16E345282CC920005E3CC0 /* UIApplication+Extensions.swift in Sources */ = {isa = PBXBuildFile; fileRef = 8D16E342282CC920005E3CC0 /* UIApplication+Extensions.swift */; };
		8D5C8386282B472200423C9F /* GoogleAd.swift in Sources */ = {isa = PBXBuildFile; fileRef = 8D5C8385282B472200423C9F /* GoogleAd.swift */; };
		8D5C838A282BA17800423C9F /* BannerAdView.swift in Sources */ = {isa = PBXBuildFile; fileRef = 8D5C8389282BA17800423C9F /* BannerAdView.swift */; };
		8D76A5CD28E576B00088E67F /* Toast.swift in Sources */ = {isa = PBXBuildFile; fileRef = 8D76A5CC28E576B00088E67F /* Toast.swift */; };
		8D76A5CE28E576B00088E67F /* Toast.swift in Sources */ = {isa = PBXBuildFile; fileRef = 8D76A5CC28E576B00088E67F /* Toast.swift */; };
		8D76A5CF28E576B00088E67F /* Toast.swift in Sources */ = {isa = PBXBuildFile; fileRef = 8D76A5CC28E576B00088E67F /* Toast.swift */; };
		8D84E4532941655300BF9C6E /* GoogleService-Info.plist in Resources */ = {isa = PBXBuildFile; fileRef = 8D84E4522941655200BF9C6E /* GoogleService-Info.plist */; };
		8D84E4542941655300BF9C6E /* GoogleService-Info.plist in Resources */ = {isa = PBXBuildFile; fileRef = 8D84E4522941655200BF9C6E /* GoogleService-Info.plist */; };
		8D84E4552941655300BF9C6E /* GoogleService-Info.plist in Resources */ = {isa = PBXBuildFile; fileRef = 8D84E4522941655200BF9C6E /* GoogleService-Info.plist */; };
		8D84E45829416ADD00BF9C6E /* FirebaseAnalytics in Frameworks */ = {isa = PBXBuildFile; productRef = 8D84E45729416ADD00BF9C6E /* FirebaseAnalytics */; };
		8D84E45A29416ADD00BF9C6E /* FirebaseCrashlytics in Frameworks */ = {isa = PBXBuildFile; productRef = 8D84E45929416ADD00BF9C6E /* FirebaseCrashlytics */; };
		8D9A5C7E293EF91C008A7201 /* KeyboardReadable.swift in Sources */ = {isa = PBXBuildFile; fileRef = 8DEA3D5B2939845B008C29FA /* KeyboardReadable.swift */; };
		8DEA3D592936DD5B008C29FA /* EditMemoView.swift in Sources */ = {isa = PBXBuildFile; fileRef = 8DEA3D582936DD5B008C29FA /* EditMemoView.swift */; };
		8DEA3D5A2936DD5B008C29FA /* EditMemoView.swift in Sources */ = {isa = PBXBuildFile; fileRef = 8DEA3D582936DD5B008C29FA /* EditMemoView.swift */; };
		8DEA3D5C2939845B008C29FA /* KeyboardReadable.swift in Sources */ = {isa = PBXBuildFile; fileRef = 8DEA3D5B2939845B008C29FA /* KeyboardReadable.swift */; };
		8DEA3D5E2939845B008C29FA /* KeyboardReadable.swift in Sources */ = {isa = PBXBuildFile; fileRef = 8DEA3D5B2939845B008C29FA /* KeyboardReadable.swift */; };
		8DF082A32948642400615541 /* Assets.xcassets in Resources */ = {isa = PBXBuildFile; fileRef = 1B06FA0E270D792A0079B080 /* Assets.xcassets */; };
		8DF082A42948642500615541 /* Assets.xcassets in Resources */ = {isa = PBXBuildFile; fileRef = 1B06FA0E270D792A0079B080 /* Assets.xcassets */; };
		8DF082A62948643300615541 /* Assets.xcassets in Resources */ = {isa = PBXBuildFile; fileRef = 1B06FA0E270D792A0079B080 /* Assets.xcassets */; };
		AD60FDF36B1ED969218A2A2B /* Pods_calculator__iOS_.framework in Frameworks */ = {isa = PBXBuildFile; fileRef = 68F3747D402E0B36A11E530E /* Pods_calculator__iOS_.framework */; };
/* End PBXBuildFile section */

/* Begin PBXContainerItemProxy section */
		1BC6686D2721612300006C20 /* PBXContainerItemProxy */ = {
			isa = PBXContainerItemProxy;
			containerPortal = 1B06FA07270D79280079B080 /* Project object */;
			proxyType = 1;
			remoteGlobalIDString = 1BC6685F2721612200006C20;
			remoteInfo = calculator_clip;
		};
/* End PBXContainerItemProxy section */

/* Begin PBXCopyFilesBuildPhase section */
		1BC668702721612300006C20 /* Embed App Clips */ = {
			isa = PBXCopyFilesBuildPhase;
			buildActionMask = 2147483647;
			dstPath = "$(CONTENTS_FOLDER_PATH)/AppClips";
			dstSubfolderSpec = 16;
			files = (
				1BC6686F2721612300006C20 /* kongbaguniCaculatorClip.app in Embed App Clips */,
			);
			name = "Embed App Clips";
			runOnlyForDeploymentPostprocessing = 0;
		};
/* End PBXCopyFilesBuildPhase section */

/* Begin PBXFileReference section */
		022E86F576ED10ECD15A2A07 /* Pods-calculator (iOS).release.xcconfig */ = {isa = PBXFileReference; includeInIndex = 1; lastKnownFileType = text.xcconfig; name = "Pods-calculator (iOS).release.xcconfig"; path = "Target Support Files/Pods-calculator (iOS)/Pods-calculator (iOS).release.xcconfig"; sourceTree = "<group>"; };
		1698CCE1984CD55F6DC382C4 /* Pods-calculator (macOS).debug.xcconfig */ = {isa = PBXFileReference; includeInIndex = 1; lastKnownFileType = text.xcconfig; name = "Pods-calculator (macOS).debug.xcconfig"; path = "Target Support Files/Pods-calculator (macOS)/Pods-calculator (macOS).debug.xcconfig"; sourceTree = "<group>"; };
		1B06FA0C270D79280079B080 /* MainApp.swift */ = {isa = PBXFileReference; lastKnownFileType = sourcecode.swift; path = MainApp.swift; sourceTree = "<group>"; };
		1B06FA0D270D79280079B080 /* ContentView.swift */ = {isa = PBXFileReference; lastKnownFileType = sourcecode.swift; path = ContentView.swift; sourceTree = "<group>"; };
		1B06FA0E270D792A0079B080 /* Assets.xcassets */ = {isa = PBXFileReference; lastKnownFileType = folder.assetcatalog; path = Assets.xcassets; sourceTree = "<group>"; };
		1B06FA13270D792A0079B080 /* kongbaguniCaculator.app */ = {isa = PBXFileReference; explicitFileType = wrapper.application; includeInIndex = 0; path = kongbaguniCaculator.app; sourceTree = BUILT_PRODUCTS_DIR; };
		1B06FA19270D792A0079B080 /* kongbaguniCaculator.app */ = {isa = PBXFileReference; explicitFileType = wrapper.application; includeInIndex = 0; path = kongbaguniCaculator.app; sourceTree = BUILT_PRODUCTS_DIR; };
		1B06FA1B270D792A0079B080 /* macOS.entitlements */ = {isa = PBXFileReference; lastKnownFileType = text.plist.entitlements; path = macOS.entitlements; sourceTree = "<group>"; };
		1B29F778273C921A007BC9B2 /* HistoryModel.swift */ = {isa = PBXFileReference; lastKnownFileType = sourcecode.swift; path = HistoryModel.swift; sourceTree = "<group>"; };
		1B29F783273CC7CC007BC9B2 /* en */ = {isa = PBXFileReference; lastKnownFileType = text.plist.strings; name = en; path = en.lproj/Localizable.strings; sourceTree = "<group>"; };
		1B29F785273CC7CF007BC9B2 /* ko */ = {isa = PBXFileReference; lastKnownFileType = text.plist.strings; name = ko; path = ko.lproj/Localizable.strings; sourceTree = "<group>"; };
		1B29F786273CF0CA007BC9B2 /* HistoryListView.swift */ = {isa = PBXFileReference; lastKnownFileType = sourcecode.swift; path = HistoryListView.swift; sourceTree = "<group>"; };
		1B29F78B273D08FF007BC9B2 /* Date+Extensions.swift */ = {isa = PBXFileReference; lastKnownFileType = sourcecode.swift; path = "Date+Extensions.swift"; sourceTree = "<group>"; };
		1B29F792273DF8ED007BC9B2 /* calculator (iOS).entitlements */ = {isa = PBXFileReference; lastKnownFileType = text.plist.entitlements; path = "calculator (iOS).entitlements"; sourceTree = "<group>"; };
		1B39958C273E3BA200EAADD8 /* Launch Screen.storyboard */ = {isa = PBXFileReference; lastKnownFileType = file.storyboard; path = "Launch Screen.storyboard"; sourceTree = "<group>"; };
		1B399590273E3DC800EAADD8 /* String+Extensions.swift */ = {isa = PBXFileReference; lastKnownFileType = sourcecode.swift; path = "String+Extensions.swift"; sourceTree = "<group>"; };
		1B39959B273E456F00EAADD8 /* en */ = {isa = PBXFileReference; lastKnownFileType = text.plist.strings; name = en; path = en.lproj/InfoPlist.strings; sourceTree = "<group>"; };
		1B39959D273E457100EAADD8 /* ko */ = {isa = PBXFileReference; lastKnownFileType = text.plist.strings; name = ko; path = ko.lproj/InfoPlist.strings; sourceTree = "<group>"; };
		1B98CDF32710020F00FC3E9E /* KeyEventHandling.swift */ = {isa = PBXFileReference; lastKnownFileType = sourcecode.swift; path = KeyEventHandling.swift; sourceTree = "<group>"; };
		1B98CDF62710024400FC3E9E /* Calculator.swift */ = {isa = PBXFileReference; lastKnownFileType = sourcecode.swift; path = Calculator.swift; sourceTree = "<group>"; };
		1BA96B0D27229E10002B2419 /* CalculatorView.swift */ = {isa = PBXFileReference; lastKnownFileType = sourcecode.swift; path = CalculatorView.swift; sourceTree = "<group>"; };
		1BAE669D273A4A5300C82269 /* Stack.swift */ = {isa = PBXFileReference; lastKnownFileType = sourcecode.swift; path = Stack.swift; sourceTree = "<group>"; };
		1BC668602721612200006C20 /* kongbaguniCaculatorClip.app */ = {isa = PBXFileReference; explicitFileType = wrapper.application; includeInIndex = 0; path = kongbaguniCaculatorClip.app; sourceTree = BUILT_PRODUCTS_DIR; };
		1BC668622721612200006C20 /* calculator_clipApp.swift */ = {isa = PBXFileReference; lastKnownFileType = sourcecode.swift; path = calculator_clipApp.swift; sourceTree = "<group>"; };
		1BC668692721612300006C20 /* Preview Assets.xcassets */ = {isa = PBXFileReference; lastKnownFileType = folder.assetcatalog; path = "Preview Assets.xcassets"; sourceTree = "<group>"; };
		1BC6686B2721612300006C20 /* Info.plist */ = {isa = PBXFileReference; lastKnownFileType = text.plist.xml; path = Info.plist; sourceTree = "<group>"; };
		1BC6686C2721612300006C20 /* calculator_clip.entitlements */ = {isa = PBXFileReference; lastKnownFileType = text.plist.entitlements; path = calculator_clip.entitlements; sourceTree = "<group>"; };
		1BD60CF227294AB2002684D6 /* Color.swift */ = {isa = PBXFileReference; lastKnownFileType = sourcecode.swift; path = Color.swift; sourceTree = "<group>"; };
		2D24BB71737EEAA3E0D0898D /* Pods-calculator_clip.release.xcconfig */ = {isa = PBXFileReference; includeInIndex = 1; lastKnownFileType = text.xcconfig; name = "Pods-calculator_clip.release.xcconfig"; path = "Target Support Files/Pods-calculator_clip/Pods-calculator_clip.release.xcconfig"; sourceTree = "<group>"; };
		4811A3FC4AE808F6B0F9BA93 /* Pods-calculator (macOS).release.xcconfig */ = {isa = PBXFileReference; includeInIndex = 1; lastKnownFileType = text.xcconfig; name = "Pods-calculator (macOS).release.xcconfig"; path = "Target Support Files/Pods-calculator (macOS)/Pods-calculator (macOS).release.xcconfig"; sourceTree = "<group>"; };
		68F3747D402E0B36A11E530E /* Pods_calculator__iOS_.framework */ = {isa = PBXFileReference; explicitFileType = wrapper.framework; includeInIndex = 0; path = Pods_calculator__iOS_.framework; sourceTree = BUILT_PRODUCTS_DIR; };
		71587E21553DF7AF863D8F1C /* Pods_calculator__macOS_.framework */ = {isa = PBXFileReference; explicitFileType = wrapper.framework; includeInIndex = 0; path = Pods_calculator__macOS_.framework; sourceTree = BUILT_PRODUCTS_DIR; };
		83C8DD374C616DC5C66FAA2B /* Pods_calculator_clip.framework */ = {isa = PBXFileReference; explicitFileType = wrapper.framework; includeInIndex = 0; path = Pods_calculator_clip.framework; sourceTree = BUILT_PRODUCTS_DIR; };
		8D16E33E282CC6FF005E3CC0 /* Userdefault+Extensions.swift */ = {isa = PBXFileReference; lastKnownFileType = sourcecode.swift; path = "Userdefault+Extensions.swift"; sourceTree = "<group>"; };
		8D16E342282CC920005E3CC0 /* UIApplication+Extensions.swift */ = {isa = PBXFileReference; lastKnownFileType = sourcecode.swift; path = "UIApplication+Extensions.swift"; sourceTree = "<group>"; };
		8D5C8385282B472200423C9F /* GoogleAd.swift */ = {isa = PBXFileReference; fileEncoding = 4; lastKnownFileType = sourcecode.swift; path = GoogleAd.swift; sourceTree = "<group>"; };
		8D5C8388282B94B500423C9F /* calculator--iOS--Info.plist */ = {isa = PBXFileReference; lastKnownFileType = text.plist; path = "calculator--iOS--Info.plist"; sourceTree = "<group>"; };
		8D5C8389282BA17800423C9F /* BannerAdView.swift */ = {isa = PBXFileReference; fileEncoding = 4; lastKnownFileType = sourcecode.swift; path = BannerAdView.swift; sourceTree = "<group>"; };
		8D76A5CC28E576B00088E67F /* Toast.swift */ = {isa = PBXFileReference; fileEncoding = 4; lastKnownFileType = sourcecode.swift; path = Toast.swift; sourceTree = "<group>"; };
		8D76A5D028E595F60088E67F /* calculator--macOS--Info.plist */ = {isa = PBXFileReference; lastKnownFileType = text.plist; path = "calculator--macOS--Info.plist"; sourceTree = "<group>"; };
		8D84E4522941655200BF9C6E /* GoogleService-Info.plist */ = {isa = PBXFileReference; fileEncoding = 4; lastKnownFileType = text.plist.xml; path = "GoogleService-Info.plist"; sourceTree = "<group>"; };
		8DEA3D582936DD5B008C29FA /* EditMemoView.swift */ = {isa = PBXFileReference; lastKnownFileType = sourcecode.swift; path = EditMemoView.swift; sourceTree = "<group>"; };
		8DEA3D5B2939845B008C29FA /* KeyboardReadable.swift */ = {isa = PBXFileReference; lastKnownFileType = sourcecode.swift; path = KeyboardReadable.swift; sourceTree = "<group>"; };
		C1846EB23B74F832146E0C36 /* Pods-calculator (iOS).debug.xcconfig */ = {isa = PBXFileReference; includeInIndex = 1; lastKnownFileType = text.xcconfig; name = "Pods-calculator (iOS).debug.xcconfig"; path = "Target Support Files/Pods-calculator (iOS)/Pods-calculator (iOS).debug.xcconfig"; sourceTree = "<group>"; };
		D05BDD20327CB952C21A3F1A /* Pods-calculator_clip.debug.xcconfig */ = {isa = PBXFileReference; includeInIndex = 1; lastKnownFileType = text.xcconfig; name = "Pods-calculator_clip.debug.xcconfig"; path = "Target Support Files/Pods-calculator_clip/Pods-calculator_clip.debug.xcconfig"; sourceTree = "<group>"; };
/* End PBXFileReference section */

/* Begin PBXFrameworksBuildPhase section */
		1B06FA10270D792A0079B080 /* Frameworks */ = {
			isa = PBXFrameworksBuildPhase;
			buildActionMask = 2147483647;
			files = (
				8D84E45A29416ADD00BF9C6E /* FirebaseCrashlytics in Frameworks */,
				8D84E45829416ADD00BF9C6E /* FirebaseAnalytics in Frameworks */,
				AD60FDF36B1ED969218A2A2B /* Pods_calculator__iOS_.framework in Frameworks */,
			);
			runOnlyForDeploymentPostprocessing = 0;
		};
		1B06FA16270D792A0079B080 /* Frameworks */ = {
			isa = PBXFrameworksBuildPhase;
			buildActionMask = 2147483647;
			files = (
				254BCED4569D71BA8A395F61 /* Pods_calculator__macOS_.framework in Frameworks */,
			);
			runOnlyForDeploymentPostprocessing = 0;
		};
		1BC6685D2721612200006C20 /* Frameworks */ = {
			isa = PBXFrameworksBuildPhase;
			buildActionMask = 2147483647;
			files = (
				009402E20A5133A0BE7EE80D /* Pods_calculator_clip.framework in Frameworks */,
			);
			runOnlyForDeploymentPostprocessing = 0;
		};
/* End PBXFrameworksBuildPhase section */

/* Begin PBXGroup section */
		1B06FA06270D79280079B080 = {
			isa = PBXGroup;
			children = (
				8D76A5D028E595F60088E67F /* calculator--macOS--Info.plist */,
				8D5C8388282B94B500423C9F /* calculator--iOS--Info.plist */,
				1B39959C273E456F00EAADD8 /* InfoPlist.strings */,
				1B29F792273DF8ED007BC9B2 /* calculator (iOS).entitlements */,
				1B06FA0B270D79280079B080 /* Shared */,
				1B06FA1A270D792A0079B080 /* macOS */,
				1BC668612721612200006C20 /* calculator_clip */,
				1B06FA14270D792A0079B080 /* Products */,
				E6B5F476A81BB31EF1B77211 /* Pods */,
				6BCAB2FE77B66CF6125C1516 /* Frameworks */,
			);
			sourceTree = "<group>";
		};
		1B06FA0B270D79280079B080 /* Shared */ = {
			isa = PBXGroup;
			children = (
				8D84E4522941655200BF9C6E /* GoogleService-Info.plist */,
				1B39958C273E3BA200EAADD8 /* Launch Screen.storyboard */,
				1B29F78A273D08E7007BC9B2 /* Extensions */,
				1B29F78F273D115D007BC9B2 /* Model */,
				1B29F790273D116D007BC9B2 /* View */,
				1B06FA0C270D79280079B080 /* MainApp.swift */,
				8D76A5CC28E576B00088E67F /* Toast.swift */,
				1B98CDF32710020F00FC3E9E /* KeyEventHandling.swift */,
				8DEA3D5B2939845B008C29FA /* KeyboardReadable.swift */,
				1B98CDF62710024400FC3E9E /* Calculator.swift */,
				1BAE669D273A4A5300C82269 /* Stack.swift */,
				8D5C8385282B472200423C9F /* GoogleAd.swift */,
				1B29F784273CC7CC007BC9B2 /* Localizable.strings */,
				1B06FA0E270D792A0079B080 /* Assets.xcassets */,
				1BD60CF227294AB2002684D6 /* Color.swift */,
			);
			path = Shared;
			sourceTree = "<group>";
		};
		1B06FA14270D792A0079B080 /* Products */ = {
			isa = PBXGroup;
			children = (
				1B06FA13270D792A0079B080 /* kongbaguniCaculator.app */,
				1B06FA19270D792A0079B080 /* kongbaguniCaculator.app */,
				1BC668602721612200006C20 /* kongbaguniCaculatorClip.app */,
			);
			name = Products;
			sourceTree = "<group>";
		};
		1B06FA1A270D792A0079B080 /* macOS */ = {
			isa = PBXGroup;
			children = (
				1B06FA1B270D792A0079B080 /* macOS.entitlements */,
			);
			path = macOS;
			sourceTree = "<group>";
		};
		1B29F78A273D08E7007BC9B2 /* Extensions */ = {
			isa = PBXGroup;
			children = (
				1B29F78B273D08FF007BC9B2 /* Date+Extensions.swift */,
				1B399590273E3DC800EAADD8 /* String+Extensions.swift */,
				8D16E33E282CC6FF005E3CC0 /* Userdefault+Extensions.swift */,
				8D16E342282CC920005E3CC0 /* UIApplication+Extensions.swift */,
			);
			path = Extensions;
			sourceTree = "<group>";
		};
		1B29F78F273D115D007BC9B2 /* Model */ = {
			isa = PBXGroup;
			children = (
				1B29F778273C921A007BC9B2 /* HistoryModel.swift */,
			);
			name = Model;
			sourceTree = "<group>";
		};
		1B29F790273D116D007BC9B2 /* View */ = {
			isa = PBXGroup;
			children = (
				8D5C8389282BA17800423C9F /* BannerAdView.swift */,
				1BA96B0D27229E10002B2419 /* CalculatorView.swift */,
				8DEA3D582936DD5B008C29FA /* EditMemoView.swift */,
				1B29F786273CF0CA007BC9B2 /* HistoryListView.swift */,
				1B06FA0D270D79280079B080 /* ContentView.swift */,
			);
			path = View;
			sourceTree = "<group>";
		};
		1BC668612721612200006C20 /* calculator_clip */ = {
			isa = PBXGroup;
			children = (
				1BC668622721612200006C20 /* calculator_clipApp.swift */,
				1BC6686B2721612300006C20 /* Info.plist */,
				1BC6686C2721612300006C20 /* calculator_clip.entitlements */,
				1BC668682721612300006C20 /* Preview Content */,
			);
			path = calculator_clip;
			sourceTree = "<group>";
		};
		1BC668682721612300006C20 /* Preview Content */ = {
			isa = PBXGroup;
			children = (
				1BC668692721612300006C20 /* Preview Assets.xcassets */,
			);
			path = "Preview Content";
			sourceTree = "<group>";
		};
		6BCAB2FE77B66CF6125C1516 /* Frameworks */ = {
			isa = PBXGroup;
			children = (
				83C8DD374C616DC5C66FAA2B /* Pods_calculator_clip.framework */,
				68F3747D402E0B36A11E530E /* Pods_calculator__iOS_.framework */,
				71587E21553DF7AF863D8F1C /* Pods_calculator__macOS_.framework */,
			);
			name = Frameworks;
			sourceTree = "<group>";
		};
		E6B5F476A81BB31EF1B77211 /* Pods */ = {
			isa = PBXGroup;
			children = (
				D05BDD20327CB952C21A3F1A /* Pods-calculator_clip.debug.xcconfig */,
				2D24BB71737EEAA3E0D0898D /* Pods-calculator_clip.release.xcconfig */,
				C1846EB23B74F832146E0C36 /* Pods-calculator (iOS).debug.xcconfig */,
				022E86F576ED10ECD15A2A07 /* Pods-calculator (iOS).release.xcconfig */,
				1698CCE1984CD55F6DC382C4 /* Pods-calculator (macOS).debug.xcconfig */,
				4811A3FC4AE808F6B0F9BA93 /* Pods-calculator (macOS).release.xcconfig */,
			);
			path = Pods;
			sourceTree = "<group>";
		};
/* End PBXGroup section */

/* Begin PBXNativeTarget section */
		1B06FA12270D792A0079B080 /* calculator (iOS) */ = {
			isa = PBXNativeTarget;
			buildConfigurationList = 1B06FA24270D792A0079B080 /* Build configuration list for PBXNativeTarget "calculator (iOS)" */;
			buildPhases = (
				4355819E2B2DD0BBF871A1B5 /* [CP] Check Pods Manifest.lock */,
				1B06FA0F270D792A0079B080 /* Sources */,
				1B06FA10270D792A0079B080 /* Frameworks */,
				1B06FA11270D792A0079B080 /* Resources */,
				1BC668702721612300006C20 /* Embed App Clips */,
				A12219C9C55859D5B1778C4C /* [CP] Embed Pods Frameworks */,
				8D84E45B29416DBD00BF9C6E /* ShellScript */,
			);
			buildRules = (
			);
			dependencies = (
				1BC6686E2721612300006C20 /* PBXTargetDependency */,
			);
			name = "calculator (iOS)";
			packageProductDependencies = (
				8D84E45729416ADD00BF9C6E /* FirebaseAnalytics */,
				8D84E45929416ADD00BF9C6E /* FirebaseCrashlytics */,
			);
			productName = "Test (iOS)";
			productReference = 1B06FA13270D792A0079B080 /* kongbaguniCaculator.app */;
			productType = "com.apple.product-type.application";
		};
		1B06FA18270D792A0079B080 /* calculator (macOS) */ = {
			isa = PBXNativeTarget;
			buildConfigurationList = 1B06FA27270D792A0079B080 /* Build configuration list for PBXNativeTarget "calculator (macOS)" */;
			buildPhases = (
				1AB81DCA4788120C5B69BA63 /* [CP] Check Pods Manifest.lock */,
				1B06FA15270D792A0079B080 /* Sources */,
				1B06FA16270D792A0079B080 /* Frameworks */,
				1B06FA17270D792A0079B080 /* Resources */,
				B879E3EFD2FDCE282136201D /* [CP] Embed Pods Frameworks */,
			);
			buildRules = (
			);
			dependencies = (
			);
			name = "calculator (macOS)";
			productName = "Test (macOS)";
			productReference = 1B06FA19270D792A0079B080 /* kongbaguniCaculator.app */;
			productType = "com.apple.product-type.application";
		};
		1BC6685F2721612200006C20 /* calculator_clip */ = {
			isa = PBXNativeTarget;
			buildConfigurationList = 1BC668732721612300006C20 /* Build configuration list for PBXNativeTarget "calculator_clip" */;
			buildPhases = (
				723D1DA09194DB816C57E35E /* [CP] Check Pods Manifest.lock */,
				1BC6685C2721612200006C20 /* Sources */,
				1BC6685D2721612200006C20 /* Frameworks */,
				1BC6685E2721612200006C20 /* Resources */,
			);
			buildRules = (
			);
			dependencies = (
			);
			name = calculator_clip;
			productName = calculator_clip;
			productReference = 1BC668602721612200006C20 /* kongbaguniCaculatorClip.app */;
			productType = "com.apple.product-type.application.on-demand-install-capable";
		};
/* End PBXNativeTarget section */

/* Begin PBXProject section */
		1B06FA07270D79280079B080 /* Project object */ = {
			isa = PBXProject;
			attributes = {
				BuildIndependentTargetsInParallel = 1;
				LastSwiftUpdateCheck = 1300;
				LastUpgradeCheck = 1400;
				TargetAttributes = {
					1B06FA12270D792A0079B080 = {
						CreatedOnToolsVersion = 13.0;
					};
					1B06FA18270D792A0079B080 = {
						CreatedOnToolsVersion = 13.0;
					};
					1BC6685F2721612200006C20 = {
						CreatedOnToolsVersion = 13.0;
					};
				};
			};
			buildConfigurationList = 1B06FA0A270D79280079B080 /* Build configuration list for PBXProject "Calculator" */;
			compatibilityVersion = "Xcode 13.0";
			developmentRegion = en;
			hasScannedForEncodings = 0;
			knownRegions = (
				en,
				Base,
				ko,
			);
			mainGroup = 1B06FA06270D79280079B080;
			packageReferences = (
				8D84E45629416ADD00BF9C6E /* XCRemoteSwiftPackageReference "firebase-ios-sdk" */,
			);
			productRefGroup = 1B06FA14270D792A0079B080 /* Products */;
			projectDirPath = "";
			projectRoot = "";
			targets = (
				1B06FA12270D792A0079B080 /* calculator (iOS) */,
				1B06FA18270D792A0079B080 /* calculator (macOS) */,
				1BC6685F2721612200006C20 /* calculator_clip */,
			);
		};
/* End PBXProject section */

/* Begin PBXResourcesBuildPhase section */
		1B06FA11270D792A0079B080 /* Resources */ = {
			isa = PBXResourcesBuildPhase;
			buildActionMask = 2147483647;
			files = (
				1B39958D273E3BFE00EAADD8 /* Launch Screen.storyboard in Resources */,
				1B399598273E456F00EAADD8 /* InfoPlist.strings in Resources */,
				8D84E4532941655300BF9C6E /* GoogleService-Info.plist in Resources */,
				1B29F780273CC7CC007BC9B2 /* Localizable.strings in Resources */,
				8DF082A32948642400615541 /* Assets.xcassets in Resources */,
			);
			runOnlyForDeploymentPostprocessing = 0;
		};
		1B06FA17270D792A0079B080 /* Resources */ = {
			isa = PBXResourcesBuildPhase;
			buildActionMask = 2147483647;
			files = (
				1B399599273E456F00EAADD8 /* InfoPlist.strings in Resources */,
				8D84E4542941655300BF9C6E /* GoogleService-Info.plist in Resources */,
				8DF082A62948643300615541 /* Assets.xcassets in Resources */,
				1B29F781273CC7CC007BC9B2 /* Localizable.strings in Resources */,
			);
			runOnlyForDeploymentPostprocessing = 0;
		};
		1BC6685E2721612200006C20 /* Resources */ = {
			isa = PBXResourcesBuildPhase;
			buildActionMask = 2147483647;
			files = (
				1BC6686A2721612300006C20 /* Preview Assets.xcassets in Resources */,
				1B39959A273E456F00EAADD8 /* InfoPlist.strings in Resources */,
				1B39958F273E3C0000EAADD8 /* Launch Screen.storyboard in Resources */,
				1B29F782273CC7CC007BC9B2 /* Localizable.strings in Resources */,
				8DF082A42948642500615541 /* Assets.xcassets in Resources */,
				8D84E4552941655300BF9C6E /* GoogleService-Info.plist in Resources */,
			);
			runOnlyForDeploymentPostprocessing = 0;
		};
/* End PBXResourcesBuildPhase section */

/* Begin PBXShellScriptBuildPhase section */
		1AB81DCA4788120C5B69BA63 /* [CP] Check Pods Manifest.lock */ = {
			isa = PBXShellScriptBuildPhase;
			buildActionMask = 2147483647;
			files = (
			);
			inputFileListPaths = (
			);
			inputPaths = (
				"${PODS_PODFILE_DIR_PATH}/Podfile.lock",
				"${PODS_ROOT}/Manifest.lock",
			);
			name = "[CP] Check Pods Manifest.lock";
			outputFileListPaths = (
			);
			outputPaths = (
				"$(DERIVED_FILE_DIR)/Pods-calculator (macOS)-checkManifestLockResult.txt",
			);
			runOnlyForDeploymentPostprocessing = 0;
			shellPath = /bin/sh;
			shellScript = "diff \"${PODS_PODFILE_DIR_PATH}/Podfile.lock\" \"${PODS_ROOT}/Manifest.lock\" > /dev/null\nif [ $? != 0 ] ; then\n    # print error to STDERR\n    echo \"error: The sandbox is not in sync with the Podfile.lock. Run 'pod install' or update your CocoaPods installation.\" >&2\n    exit 1\nfi\n# This output is used by Xcode 'outputs' to avoid re-running this script phase.\necho \"SUCCESS\" > \"${SCRIPT_OUTPUT_FILE_0}\"\n";
			showEnvVarsInLog = 0;
		};
		4355819E2B2DD0BBF871A1B5 /* [CP] Check Pods Manifest.lock */ = {
			isa = PBXShellScriptBuildPhase;
			buildActionMask = 2147483647;
			files = (
			);
			inputFileListPaths = (
			);
			inputPaths = (
				"${PODS_PODFILE_DIR_PATH}/Podfile.lock",
				"${PODS_ROOT}/Manifest.lock",
			);
			name = "[CP] Check Pods Manifest.lock";
			outputFileListPaths = (
			);
			outputPaths = (
				"$(DERIVED_FILE_DIR)/Pods-calculator (iOS)-checkManifestLockResult.txt",
			);
			runOnlyForDeploymentPostprocessing = 0;
			shellPath = /bin/sh;
			shellScript = "diff \"${PODS_PODFILE_DIR_PATH}/Podfile.lock\" \"${PODS_ROOT}/Manifest.lock\" > /dev/null\nif [ $? != 0 ] ; then\n    # print error to STDERR\n    echo \"error: The sandbox is not in sync with the Podfile.lock. Run 'pod install' or update your CocoaPods installation.\" >&2\n    exit 1\nfi\n# This output is used by Xcode 'outputs' to avoid re-running this script phase.\necho \"SUCCESS\" > \"${SCRIPT_OUTPUT_FILE_0}\"\n";
			showEnvVarsInLog = 0;
		};
		723D1DA09194DB816C57E35E /* [CP] Check Pods Manifest.lock */ = {
			isa = PBXShellScriptBuildPhase;
			buildActionMask = 2147483647;
			files = (
			);
			inputFileListPaths = (
			);
			inputPaths = (
				"${PODS_PODFILE_DIR_PATH}/Podfile.lock",
				"${PODS_ROOT}/Manifest.lock",
			);
			name = "[CP] Check Pods Manifest.lock";
			outputFileListPaths = (
			);
			outputPaths = (
				"$(DERIVED_FILE_DIR)/Pods-calculator_clip-checkManifestLockResult.txt",
			);
			runOnlyForDeploymentPostprocessing = 0;
			shellPath = /bin/sh;
			shellScript = "diff \"${PODS_PODFILE_DIR_PATH}/Podfile.lock\" \"${PODS_ROOT}/Manifest.lock\" > /dev/null\nif [ $? != 0 ] ; then\n    # print error to STDERR\n    echo \"error: The sandbox is not in sync with the Podfile.lock. Run 'pod install' or update your CocoaPods installation.\" >&2\n    exit 1\nfi\n# This output is used by Xcode 'outputs' to avoid re-running this script phase.\necho \"SUCCESS\" > \"${SCRIPT_OUTPUT_FILE_0}\"\n";
			showEnvVarsInLog = 0;
		};
		8D84E45B29416DBD00BF9C6E /* ShellScript */ = {
			isa = PBXShellScriptBuildPhase;
			buildActionMask = 2147483647;
			files = (
			);
			inputFileListPaths = (
			);
			inputPaths = (
				"${DWARF_DSYM_FOLDER_PATH}/${DWARF_DSYM_FILE_NAME}/Contents/Resources/DWARF/${TARGET_NAME}",
				"$(SRCROOT)/$(BUILT_PRODUCTS_DIR)/$(INFOPLIST_PATH)",
			);
			outputFileListPaths = (
			);
			outputPaths = (
			);
			runOnlyForDeploymentPostprocessing = 0;
			shellPath = /bin/sh;
			shellScript = "# Type a script or drag a script file from your workspace to insert its path.\n\"${BUILD_DIR%/Build/*}/SourcePackages/checkouts/firebase-ios-sdk/Crashlytics/run\"\n";
		};
		A12219C9C55859D5B1778C4C /* [CP] Embed Pods Frameworks */ = {
			isa = PBXShellScriptBuildPhase;
			buildActionMask = 2147483647;
			files = (
			);
			inputFileListPaths = (
				"${PODS_ROOT}/Target Support Files/Pods-calculator (iOS)/Pods-calculator (iOS)-frameworks-${CONFIGURATION}-input-files.xcfilelist",
			);
			name = "[CP] Embed Pods Frameworks";
			outputFileListPaths = (
				"${PODS_ROOT}/Target Support Files/Pods-calculator (iOS)/Pods-calculator (iOS)-frameworks-${CONFIGURATION}-output-files.xcfilelist",
			);
			runOnlyForDeploymentPostprocessing = 0;
			shellPath = /bin/sh;
			shellScript = "\"${PODS_ROOT}/Target Support Files/Pods-calculator (iOS)/Pods-calculator (iOS)-frameworks.sh\"\n";
			showEnvVarsInLog = 0;
		};
		B879E3EFD2FDCE282136201D /* [CP] Embed Pods Frameworks */ = {
			isa = PBXShellScriptBuildPhase;
			buildActionMask = 2147483647;
			files = (
			);
			inputFileListPaths = (
				"${PODS_ROOT}/Target Support Files/Pods-calculator (macOS)/Pods-calculator (macOS)-frameworks-${CONFIGURATION}-input-files.xcfilelist",
			);
			name = "[CP] Embed Pods Frameworks";
			outputFileListPaths = (
				"${PODS_ROOT}/Target Support Files/Pods-calculator (macOS)/Pods-calculator (macOS)-frameworks-${CONFIGURATION}-output-files.xcfilelist",
			);
			runOnlyForDeploymentPostprocessing = 0;
			shellPath = /bin/sh;
			shellScript = "\"${PODS_ROOT}/Target Support Files/Pods-calculator (macOS)/Pods-calculator (macOS)-frameworks.sh\"\n";
			showEnvVarsInLog = 0;
		};
/* End PBXShellScriptBuildPhase section */

/* Begin PBXSourcesBuildPhase section */
		1B06FA0F270D792A0079B080 /* Sources */ = {
			isa = PBXSourcesBuildPhase;
			buildActionMask = 2147483647;
			files = (
				8D16E343282CC920005E3CC0 /* UIApplication+Extensions.swift in Sources */,
				1B399591273E3DC800EAADD8 /* String+Extensions.swift in Sources */,
				1BA96B0E27229E10002B2419 /* CalculatorView.swift in Sources */,
				1B29F787273CF0CA007BC9B2 /* HistoryListView.swift in Sources */,
				8D5C838A282BA17800423C9F /* BannerAdView.swift in Sources */,
				1B29F78C273D08FF007BC9B2 /* Date+Extensions.swift in Sources */,
				1B98CDF72710024400FC3E9E /* Calculator.swift in Sources */,
				8D76A5CD28E576B00088E67F /* Toast.swift in Sources */,
				1B06FA1E270D792A0079B080 /* ContentView.swift in Sources */,
				1BD60CF327294AB2002684D6 /* Color.swift in Sources */,
				8DEA3D5C2939845B008C29FA /* KeyboardReadable.swift in Sources */,
				8D16E33F282CC6FF005E3CC0 /* Userdefault+Extensions.swift in Sources */,
				1BAE669E273A4A5300C82269 /* Stack.swift in Sources */,
				8DEA3D592936DD5B008C29FA /* EditMemoView.swift in Sources */,
				1B29F779273C921A007BC9B2 /* HistoryModel.swift in Sources */,
				8D5C8386282B472200423C9F /* GoogleAd.swift in Sources */,
				1B06FA1C270D792A0079B080 /* MainApp.swift in Sources */,
			);
			runOnlyForDeploymentPostprocessing = 0;
		};
		1B06FA15270D792A0079B080 /* Sources */ = {
			isa = PBXSourcesBuildPhase;
			buildActionMask = 2147483647;
			files = (
				1B29F788273CF0CA007BC9B2 /* HistoryListView.swift in Sources */,
				8D76A5CE28E576B00088E67F /* Toast.swift in Sources */,
				8D9A5C7E293EF91C008A7201 /* KeyboardReadable.swift in Sources */,
				8DEA3D5A2936DD5B008C29FA /* EditMemoView.swift in Sources */,
				1B399592273E3DC800EAADD8 /* String+Extensions.swift in Sources */,
				8D16E340282CC6FF005E3CC0 /* Userdefault+Extensions.swift in Sources */,
				1B29F77A273C921A007BC9B2 /* HistoryModel.swift in Sources */,
				1B98CDF52710020F00FC3E9E /* KeyEventHandling.swift in Sources */,
				1B29F78D273D08FF007BC9B2 /* Date+Extensions.swift in Sources */,
				1BA96B1027229E61002B2419 /* CalculatorView.swift in Sources */,
				1BAE669F273A4A5300C82269 /* Stack.swift in Sources */,
				1B98CDF82710024400FC3E9E /* Calculator.swift in Sources */,
				1B06FA1F270D792A0079B080 /* ContentView.swift in Sources */,
				1B06FA1D270D792A0079B080 /* MainApp.swift in Sources */,
				1BD60CF427294AB2002684D6 /* Color.swift in Sources */,
			);
			runOnlyForDeploymentPostprocessing = 0;
		};
		1BC6685C2721612200006C20 /* Sources */ = {
			isa = PBXSourcesBuildPhase;
			buildActionMask = 2147483647;
			files = (
				1BC668632721612200006C20 /* calculator_clipApp.swift in Sources */,
				1B399593273E3DC800EAADD8 /* String+Extensions.swift in Sources */,
				8D16E345282CC920005E3CC0 /* UIApplication+Extensions.swift in Sources */,
				1B29F791273D1299007BC9B2 /* CalculatorView.swift in Sources */,
				1B29F78E273D08FF007BC9B2 /* Date+Extensions.swift in Sources */,
				1BAE66A0273A4A5300C82269 /* Stack.swift in Sources */,
				8DEA3D5E2939845B008C29FA /* KeyboardReadable.swift in Sources */,
				1BD60CF527294B99002684D6 /* Color.swift in Sources */,
				8D76A5CF28E576B00088E67F /* Toast.swift in Sources */,
				8D16E341282CC6FF005E3CC0 /* Userdefault+Extensions.swift in Sources */,
				1BA96B0B27229DBC002B2419 /* Calculator.swift in Sources */,
			);
			runOnlyForDeploymentPostprocessing = 0;
		};
/* End PBXSourcesBuildPhase section */

/* Begin PBXTargetDependency section */
		1BC6686E2721612300006C20 /* PBXTargetDependency */ = {
			isa = PBXTargetDependency;
			platformFilter = ios;
			target = 1BC6685F2721612200006C20 /* calculator_clip */;
			targetProxy = 1BC6686D2721612300006C20 /* PBXContainerItemProxy */;
		};
/* End PBXTargetDependency section */

/* Begin PBXVariantGroup section */
		1B29F784273CC7CC007BC9B2 /* Localizable.strings */ = {
			isa = PBXVariantGroup;
			children = (
				1B29F783273CC7CC007BC9B2 /* en */,
				1B29F785273CC7CF007BC9B2 /* ko */,
			);
			name = Localizable.strings;
			sourceTree = "<group>";
		};
		1B39959C273E456F00EAADD8 /* InfoPlist.strings */ = {
			isa = PBXVariantGroup;
			children = (
				1B39959B273E456F00EAADD8 /* en */,
				1B39959D273E457100EAADD8 /* ko */,
			);
			name = InfoPlist.strings;
			sourceTree = "<group>";
		};
/* End PBXVariantGroup section */

/* Begin XCBuildConfiguration section */
		1B06FA22270D792A0079B080 /* Debug */ = {
			isa = XCBuildConfiguration;
			buildSettings = {
				ALWAYS_SEARCH_USER_PATHS = NO;
				CLANG_ANALYZER_LOCALIZABILITY_NONLOCALIZED = YES;
				CLANG_ANALYZER_NONNULL = YES;
				CLANG_ANALYZER_NUMBER_OBJECT_CONVERSION = YES_AGGRESSIVE;
				CLANG_CXX_LANGUAGE_STANDARD = "gnu++17";
				CLANG_CXX_LIBRARY = "libc++";
				CLANG_ENABLE_MODULES = YES;
				CLANG_ENABLE_OBJC_ARC = YES;
				CLANG_ENABLE_OBJC_WEAK = YES;
				CLANG_WARN_BLOCK_CAPTURE_AUTORELEASING = YES;
				CLANG_WARN_BOOL_CONVERSION = YES;
				CLANG_WARN_COMMA = YES;
				CLANG_WARN_CONSTANT_CONVERSION = YES;
				CLANG_WARN_DEPRECATED_OBJC_IMPLEMENTATIONS = YES;
				CLANG_WARN_DIRECT_OBJC_ISA_USAGE = YES_ERROR;
				CLANG_WARN_DOCUMENTATION_COMMENTS = YES;
				CLANG_WARN_EMPTY_BODY = YES;
				CLANG_WARN_ENUM_CONVERSION = YES;
				CLANG_WARN_INFINITE_RECURSION = YES;
				CLANG_WARN_INT_CONVERSION = YES;
				CLANG_WARN_NON_LITERAL_NULL_CONVERSION = YES;
				CLANG_WARN_OBJC_IMPLICIT_RETAIN_SELF = YES;
				CLANG_WARN_OBJC_LITERAL_CONVERSION = YES;
				CLANG_WARN_OBJC_ROOT_CLASS = YES_ERROR;
				CLANG_WARN_QUOTED_INCLUDE_IN_FRAMEWORK_HEADER = YES;
				CLANG_WARN_RANGE_LOOP_ANALYSIS = YES;
				CLANG_WARN_STRICT_PROTOTYPES = YES;
				CLANG_WARN_SUSPICIOUS_MOVE = YES;
				CLANG_WARN_UNGUARDED_AVAILABILITY = YES_AGGRESSIVE;
				CLANG_WARN_UNREACHABLE_CODE = YES;
				CLANG_WARN__DUPLICATE_METHOD_MATCH = YES;
				COPY_PHASE_STRIP = NO;
				DEAD_CODE_STRIPPING = YES;
				DEBUG_INFORMATION_FORMAT = dwarf;
				ENABLE_STRICT_OBJC_MSGSEND = YES;
				ENABLE_TESTABILITY = YES;
				GCC_C_LANGUAGE_STANDARD = gnu11;
				GCC_DYNAMIC_NO_PIC = NO;
				GCC_NO_COMMON_BLOCKS = YES;
				GCC_OPTIMIZATION_LEVEL = 0;
				GCC_PREPROCESSOR_DEFINITIONS = (
					"DEBUG=1",
					"$(inherited)",
				);
				GCC_WARN_64_TO_32_BIT_CONVERSION = YES;
				GCC_WARN_ABOUT_RETURN_TYPE = YES_ERROR;
				GCC_WARN_UNDECLARED_SELECTOR = YES;
				GCC_WARN_UNINITIALIZED_AUTOS = YES_AGGRESSIVE;
				GCC_WARN_UNUSED_FUNCTION = YES;
				GCC_WARN_UNUSED_VARIABLE = YES;
				IPHONEOS_DEPLOYMENT_TARGET = 15.0;
				MACOSX_DEPLOYMENT_TARGET = 12.0;
				MTL_ENABLE_DEBUG_INFO = INCLUDE_SOURCE;
				MTL_FAST_MATH = YES;
				ONLY_ACTIVE_ARCH = YES;
				SWIFT_ACTIVE_COMPILATION_CONDITIONS = DEBUG;
				SWIFT_OPTIMIZATION_LEVEL = "-Onone";
			};
			name = Debug;
		};
		1B06FA23270D792A0079B080 /* Release */ = {
			isa = XCBuildConfiguration;
			buildSettings = {
				ALWAYS_SEARCH_USER_PATHS = NO;
				CLANG_ANALYZER_LOCALIZABILITY_NONLOCALIZED = YES;
				CLANG_ANALYZER_NONNULL = YES;
				CLANG_ANALYZER_NUMBER_OBJECT_CONVERSION = YES_AGGRESSIVE;
				CLANG_CXX_LANGUAGE_STANDARD = "gnu++17";
				CLANG_CXX_LIBRARY = "libc++";
				CLANG_ENABLE_MODULES = YES;
				CLANG_ENABLE_OBJC_ARC = YES;
				CLANG_ENABLE_OBJC_WEAK = YES;
				CLANG_WARN_BLOCK_CAPTURE_AUTORELEASING = YES;
				CLANG_WARN_BOOL_CONVERSION = YES;
				CLANG_WARN_COMMA = YES;
				CLANG_WARN_CONSTANT_CONVERSION = YES;
				CLANG_WARN_DEPRECATED_OBJC_IMPLEMENTATIONS = YES;
				CLANG_WARN_DIRECT_OBJC_ISA_USAGE = YES_ERROR;
				CLANG_WARN_DOCUMENTATION_COMMENTS = YES;
				CLANG_WARN_EMPTY_BODY = YES;
				CLANG_WARN_ENUM_CONVERSION = YES;
				CLANG_WARN_INFINITE_RECURSION = YES;
				CLANG_WARN_INT_CONVERSION = YES;
				CLANG_WARN_NON_LITERAL_NULL_CONVERSION = YES;
				CLANG_WARN_OBJC_IMPLICIT_RETAIN_SELF = YES;
				CLANG_WARN_OBJC_LITERAL_CONVERSION = YES;
				CLANG_WARN_OBJC_ROOT_CLASS = YES_ERROR;
				CLANG_WARN_QUOTED_INCLUDE_IN_FRAMEWORK_HEADER = YES;
				CLANG_WARN_RANGE_LOOP_ANALYSIS = YES;
				CLANG_WARN_STRICT_PROTOTYPES = YES;
				CLANG_WARN_SUSPICIOUS_MOVE = YES;
				CLANG_WARN_UNGUARDED_AVAILABILITY = YES_AGGRESSIVE;
				CLANG_WARN_UNREACHABLE_CODE = YES;
				CLANG_WARN__DUPLICATE_METHOD_MATCH = YES;
				COPY_PHASE_STRIP = NO;
				DEAD_CODE_STRIPPING = YES;
				DEBUG_INFORMATION_FORMAT = "dwarf-with-dsym";
				ENABLE_NS_ASSERTIONS = NO;
				ENABLE_STRICT_OBJC_MSGSEND = YES;
				GCC_C_LANGUAGE_STANDARD = gnu11;
				GCC_NO_COMMON_BLOCKS = YES;
				GCC_WARN_64_TO_32_BIT_CONVERSION = YES;
				GCC_WARN_ABOUT_RETURN_TYPE = YES_ERROR;
				GCC_WARN_UNDECLARED_SELECTOR = YES;
				GCC_WARN_UNINITIALIZED_AUTOS = YES_AGGRESSIVE;
				GCC_WARN_UNUSED_FUNCTION = YES;
				GCC_WARN_UNUSED_VARIABLE = YES;
				IPHONEOS_DEPLOYMENT_TARGET = 15.0;
				MACOSX_DEPLOYMENT_TARGET = 12.0;
				MTL_ENABLE_DEBUG_INFO = NO;
				MTL_FAST_MATH = YES;
				SWIFT_COMPILATION_MODE = wholemodule;
				SWIFT_OPTIMIZATION_LEVEL = "-O";
			};
			name = Release;
		};
		1B06FA25270D792A0079B080 /* Debug */ = {
			isa = XCBuildConfiguration;
			baseConfigurationReference = C1846EB23B74F832146E0C36 /* Pods-calculator (iOS).debug.xcconfig */;
			buildSettings = {
				ALWAYS_EMBED_SWIFT_STANDARD_LIBRARIES = YES;
				ASSETCATALOG_COMPILER_APPICON_NAME = AppIcon;
				ASSETCATALOG_COMPILER_GLOBAL_ACCENT_COLOR_NAME = AccentColor;
				ASSETCATALOG_COMPILER_INCLUDE_ALL_APPICON_ASSETS = YES;
				CODE_SIGN_ENTITLEMENTS = "calculator (iOS).entitlements";
				CODE_SIGN_STYLE = Automatic;
				CURRENT_PROJECT_VERSION = 1;
				DEBUG_INFORMATION_FORMAT = "dwarf-with-dsym";
				DEVELOPMENT_TEAM = QU9EPTU238;
				ENABLE_PREVIEWS = YES;
				GENERATE_INFOPLIST_FILE = YES;
				INFOPLIST_FILE = "calculator--iOS--Info.plist";
				INFOPLIST_KEY_CFBundleDisplayName = "kong calc";
				INFOPLIST_KEY_LSApplicationCategoryType = "public.app-category.utilities";
				INFOPLIST_KEY_NSUserTrackingUsageDescription = "This identifier will be used to deliver personalized ads to you.";
				INFOPLIST_KEY_UIApplicationSceneManifest_Generation = YES;
				INFOPLIST_KEY_UIApplicationSupportsIndirectInputEvents = YES;
				INFOPLIST_KEY_UILaunchScreen_Generation = YES;
				INFOPLIST_KEY_UILaunchStoryboardName = "Launch Screen.storyboard";
				INFOPLIST_KEY_UISupportedInterfaceOrientations = "UIInterfaceOrientationPortrait UIInterfaceOrientationPortraitUpsideDown";
				INFOPLIST_KEY_UISupportedInterfaceOrientations_iPad = "UIInterfaceOrientationPortrait UIInterfaceOrientationPortraitUpsideDown UIInterfaceOrientationLandscapeLeft UIInterfaceOrientationLandscapeRight";
				INFOPLIST_KEY_UISupportedInterfaceOrientations_iPhone = "UIInterfaceOrientationPortrait UIInterfaceOrientationLandscapeLeft UIInterfaceOrientationLandscapeRight";
				IPHONEOS_DEPLOYMENT_TARGET = 15.0;
				LD_RUNPATH_SEARCH_PATHS = (
					"$(inherited)",
					"@executable_path/Frameworks",
				);
				MARKETING_VERSION = 1.3.5;
				OTHER_SWIFT_FLAGS = "$(inherited) -D COCOAPODS -D FULL";
				PRODUCT_BUNDLE_IDENTIFIER = net.kongbaguni.calculaor;
				PRODUCT_NAME = kongbaguniCaculator;
				SDKROOT = iphoneos;
				SUPPORTS_MACCATALYST = NO;
				SWIFT_EMIT_LOC_STRINGS = YES;
				SWIFT_VERSION = 5.0;
				TARGETED_DEVICE_FAMILY = "1,2";
			};
			name = Debug;
		};
		1B06FA26270D792A0079B080 /* Release */ = {
			isa = XCBuildConfiguration;
			baseConfigurationReference = 022E86F576ED10ECD15A2A07 /* Pods-calculator (iOS).release.xcconfig */;
			buildSettings = {
				ALWAYS_EMBED_SWIFT_STANDARD_LIBRARIES = YES;
				ASSETCATALOG_COMPILER_APPICON_NAME = AppIcon;
				ASSETCATALOG_COMPILER_GLOBAL_ACCENT_COLOR_NAME = AccentColor;
				ASSETCATALOG_COMPILER_INCLUDE_ALL_APPICON_ASSETS = YES;
				CODE_SIGN_ENTITLEMENTS = "calculator (iOS).entitlements";
				CODE_SIGN_IDENTITY = "Apple Development";
				CODE_SIGN_STYLE = Automatic;
				CURRENT_PROJECT_VERSION = 1;
				DEVELOPMENT_TEAM = QU9EPTU238;
				ENABLE_PREVIEWS = YES;
				GENERATE_INFOPLIST_FILE = YES;
				INFOPLIST_FILE = "calculator--iOS--Info.plist";
				INFOPLIST_KEY_CFBundleDisplayName = "kong calc";
				INFOPLIST_KEY_LSApplicationCategoryType = "public.app-category.utilities";
				INFOPLIST_KEY_NSUserTrackingUsageDescription = "This identifier will be used to deliver personalized ads to you.";
				INFOPLIST_KEY_UIApplicationSceneManifest_Generation = YES;
				INFOPLIST_KEY_UIApplicationSupportsIndirectInputEvents = YES;
				INFOPLIST_KEY_UILaunchScreen_Generation = YES;
				INFOPLIST_KEY_UILaunchStoryboardName = "Launch Screen.storyboard";
				INFOPLIST_KEY_UISupportedInterfaceOrientations = "UIInterfaceOrientationPortrait UIInterfaceOrientationPortraitUpsideDown";
				INFOPLIST_KEY_UISupportedInterfaceOrientations_iPad = "UIInterfaceOrientationPortrait UIInterfaceOrientationPortraitUpsideDown UIInterfaceOrientationLandscapeLeft UIInterfaceOrientationLandscapeRight";
				INFOPLIST_KEY_UISupportedInterfaceOrientations_iPhone = "UIInterfaceOrientationPortrait UIInterfaceOrientationLandscapeLeft UIInterfaceOrientationLandscapeRight";
				IPHONEOS_DEPLOYMENT_TARGET = 15.0;
				LD_RUNPATH_SEARCH_PATHS = (
					"$(inherited)",
					"@executable_path/Frameworks",
				);
				MARKETING_VERSION = 1.3.5;
				OTHER_SWIFT_FLAGS = "$(inherited) -D COCOAPODS -D FULL";
				PRODUCT_BUNDLE_IDENTIFIER = net.kongbaguni.calculaor;
				PRODUCT_NAME = kongbaguniCaculator;
				PROVISIONING_PROFILE_SPECIFIER = "";
				SDKROOT = iphoneos;
				SUPPORTS_MACCATALYST = NO;
				SWIFT_EMIT_LOC_STRINGS = YES;
				SWIFT_VERSION = 5.0;
				TARGETED_DEVICE_FAMILY = "1,2";
				VALIDATE_PRODUCT = YES;
			};
			name = Release;
		};
		1B06FA28270D792A0079B080 /* Debug */ = {
			isa = XCBuildConfiguration;
			baseConfigurationReference = 1698CCE1984CD55F6DC382C4 /* Pods-calculator (macOS).debug.xcconfig */;
			buildSettings = {
				ASSETCATALOG_COMPILER_APPICON_NAME = AppIcon;
				ASSETCATALOG_COMPILER_GLOBAL_ACCENT_COLOR_NAME = AccentColor;
				CODE_SIGN_ENTITLEMENTS = macOS/macOS.entitlements;
				CODE_SIGN_IDENTITY = "Apple Development";
				CODE_SIGN_STYLE = Automatic;
				COMBINE_HIDPI_IMAGES = YES;
				CURRENT_PROJECT_VERSION = 1;
				DEAD_CODE_STRIPPING = YES;
				DEVELOPMENT_TEAM = QU9EPTU238;
				ENABLE_HARDENED_RUNTIME = YES;
				ENABLE_PREVIEWS = YES;
				GENERATE_INFOPLIST_FILE = YES;
				INFOPLIST_FILE = "calculator--macOS--Info.plist";
				INFOPLIST_KEY_CFBundleDisplayName = "kong calc";
				INFOPLIST_KEY_LSApplicationCategoryType = "public.app-category.utilities";
				INFOPLIST_KEY_NSHumanReadableCopyright = "";
				IPHONEOS_DEPLOYMENT_TARGET = 15.0;
				LD_RUNPATH_SEARCH_PATHS = (
					"$(inherited)",
					"@executable_path/../Frameworks",
				);
				MACOSX_DEPLOYMENT_TARGET = 12.0;
				MARKETING_VERSION = 1.0.0;
				OTHER_SWIFT_FLAGS = "";
				PRODUCT_BUNDLE_IDENTIFIER = net.kongbaguni.calculaor;
				PRODUCT_NAME = kongbaguniCaculator;
				SDKROOT = macosx;
				SWIFT_ACTIVE_COMPILATION_CONDITIONS = "DEBUG MAC";
				SWIFT_EMIT_LOC_STRINGS = YES;
				SWIFT_VERSION = 5.0;
			};
			name = Debug;
		};
		1B06FA29270D792A0079B080 /* Release */ = {
			isa = XCBuildConfiguration;
			baseConfigurationReference = 4811A3FC4AE808F6B0F9BA93 /* Pods-calculator (macOS).release.xcconfig */;
			buildSettings = {
				ASSETCATALOG_COMPILER_APPICON_NAME = AppIcon;
				ASSETCATALOG_COMPILER_GLOBAL_ACCENT_COLOR_NAME = AccentColor;
				CODE_SIGN_ENTITLEMENTS = macOS/macOS.entitlements;
				CODE_SIGN_IDENTITY = "Apple Development";
				CODE_SIGN_STYLE = Automatic;
				COMBINE_HIDPI_IMAGES = YES;
				CURRENT_PROJECT_VERSION = 1;
				DEAD_CODE_STRIPPING = YES;
				DEVELOPMENT_TEAM = QU9EPTU238;
				ENABLE_HARDENED_RUNTIME = YES;
				ENABLE_PREVIEWS = YES;
				GENERATE_INFOPLIST_FILE = YES;
				INFOPLIST_FILE = "calculator--macOS--Info.plist";
				INFOPLIST_KEY_CFBundleDisplayName = "kong calc";
				INFOPLIST_KEY_LSApplicationCategoryType = "public.app-category.utilities";
				INFOPLIST_KEY_NSHumanReadableCopyright = "";
				IPHONEOS_DEPLOYMENT_TARGET = 15.0;
				LD_RUNPATH_SEARCH_PATHS = (
					"$(inherited)",
					"@executable_path/../Frameworks",
				);
				MACOSX_DEPLOYMENT_TARGET = 12.0;
				MARKETING_VERSION = 1.0.0;
				OTHER_SWIFT_FLAGS = "$(inherited) -D COCOAPODS -D FULL";
				PRODUCT_BUNDLE_IDENTIFIER = net.kongbaguni.calculaor;
				PRODUCT_NAME = kongbaguniCaculator;
				SDKROOT = macosx;
				SWIFT_ACTIVE_COMPILATION_CONDITIONS = MAC;
				SWIFT_EMIT_LOC_STRINGS = YES;
				SWIFT_VERSION = 5.0;
			};
			name = Release;
		};
		1BC668712721612300006C20 /* Debug */ = {
			isa = XCBuildConfiguration;
			baseConfigurationReference = D05BDD20327CB952C21A3F1A /* Pods-calculator_clip.debug.xcconfig */;
			buildSettings = {
				ASSETCATALOG_COMPILER_APPICON_NAME = AppIcon;
				ASSETCATALOG_COMPILER_GLOBAL_ACCENT_COLOR_NAME = AccentColor;
				ASSETCATALOG_COMPILER_INCLUDE_ALL_APPICON_ASSETS = NO;
				CODE_SIGN_ENTITLEMENTS = calculator_clip/calculator_clip.entitlements;
				CODE_SIGN_STYLE = Automatic;
				CURRENT_PROJECT_VERSION = 1;
				DEVELOPMENT_ASSET_PATHS = "\"calculator_clip/Preview Content\"";
				DEVELOPMENT_TEAM = QU9EPTU238;
				ENABLE_PREVIEWS = YES;
				GENERATE_INFOPLIST_FILE = YES;
				INFOPLIST_FILE = calculator_clip/Info.plist;
				INFOPLIST_KEY_CFBundleDisplayName = "kong calc";
				INFOPLIST_KEY_LSApplicationCategoryType = "public.app-category.utilities";
				INFOPLIST_KEY_UIApplicationSceneManifest_Generation = YES;
				INFOPLIST_KEY_UIApplicationSupportsIndirectInputEvents = YES;
				INFOPLIST_KEY_UILaunchScreen_Generation = YES;
				INFOPLIST_KEY_UISupportedInterfaceOrientations = "UIInterfaceOrientationPortrait UIInterfaceOrientationPortraitUpsideDown";
				INFOPLIST_KEY_UISupportedInterfaceOrientations_iPad = "UIInterfaceOrientationPortrait UIInterfaceOrientationPortraitUpsideDown UIInterfaceOrientationLandscapeLeft UIInterfaceOrientationLandscapeRight";
				INFOPLIST_KEY_UISupportedInterfaceOrientations_iPhone = "UIInterfaceOrientationPortrait UIInterfaceOrientationLandscapeLeft UIInterfaceOrientationLandscapeRight";
				IPHONEOS_DEPLOYMENT_TARGET = 15.0;
				LD_RUNPATH_SEARCH_PATHS = (
					"$(inherited)",
					"@executable_path/Frameworks",
				);
				MARKETING_VERSION = 1.3.5;
				OTHER_SWIFT_FLAGS = "$(inherited) -D COCOAPODS -D CLIPAPP";
				PRODUCT_BUNDLE_IDENTIFIER = net.kongbaguni.calculaor.clip;
				PRODUCT_NAME = kongbaguniCaculatorClip;
				SDKROOT = iphoneos;
				SWIFT_EMIT_LOC_STRINGS = YES;
				SWIFT_VERSION = 5.0;
				TARGETED_DEVICE_FAMILY = "1,2";
			};
			name = Debug;
		};
		1BC668722721612300006C20 /* Release */ = {
			isa = XCBuildConfiguration;
			baseConfigurationReference = 2D24BB71737EEAA3E0D0898D /* Pods-calculator_clip.release.xcconfig */;
			buildSettings = {
				ASSETCATALOG_COMPILER_APPICON_NAME = AppIcon;
				ASSETCATALOG_COMPILER_GLOBAL_ACCENT_COLOR_NAME = AccentColor;
				ASSETCATALOG_COMPILER_INCLUDE_ALL_APPICON_ASSETS = NO;
				CODE_SIGN_ENTITLEMENTS = calculator_clip/calculator_clip.entitlements;
				CODE_SIGN_IDENTITY = "Apple Development";
				CODE_SIGN_STYLE = Automatic;
				CURRENT_PROJECT_VERSION = 1;
				DEVELOPMENT_ASSET_PATHS = "\"calculator_clip/Preview Content\"";
				DEVELOPMENT_TEAM = QU9EPTU238;
				ENABLE_PREVIEWS = YES;
				GENERATE_INFOPLIST_FILE = YES;
				INFOPLIST_FILE = calculator_clip/Info.plist;
				INFOPLIST_KEY_CFBundleDisplayName = "kong calc";
				INFOPLIST_KEY_LSApplicationCategoryType = "public.app-category.utilities";
				INFOPLIST_KEY_UIApplicationSceneManifest_Generation = YES;
				INFOPLIST_KEY_UIApplicationSupportsIndirectInputEvents = YES;
				INFOPLIST_KEY_UILaunchScreen_Generation = YES;
				INFOPLIST_KEY_UISupportedInterfaceOrientations = "UIInterfaceOrientationPortrait UIInterfaceOrientationPortraitUpsideDown";
				INFOPLIST_KEY_UISupportedInterfaceOrientations_iPad = "UIInterfaceOrientationPortrait UIInterfaceOrientationPortraitUpsideDown UIInterfaceOrientationLandscapeLeft UIInterfaceOrientationLandscapeRight";
				INFOPLIST_KEY_UISupportedInterfaceOrientations_iPhone = "UIInterfaceOrientationPortrait UIInterfaceOrientationLandscapeLeft UIInterfaceOrientationLandscapeRight";
				IPHONEOS_DEPLOYMENT_TARGET = 15.0;
				LD_RUNPATH_SEARCH_PATHS = (
					"$(inherited)",
					"@executable_path/Frameworks",
				);
				MARKETING_VERSION = 1.3.5;
				OTHER_SWIFT_FLAGS = "$(inherited) -D COCOAPODS -D CLIPAPP";
				PRODUCT_BUNDLE_IDENTIFIER = net.kongbaguni.calculaor.clip;
				PRODUCT_NAME = kongbaguniCaculatorClip;
				PROVISIONING_PROFILE_SPECIFIER = "";
				SDKROOT = iphoneos;
				SWIFT_EMIT_LOC_STRINGS = YES;
				SWIFT_VERSION = 5.0;
				TARGETED_DEVICE_FAMILY = "1,2";
				VALIDATE_PRODUCT = YES;
			};
			name = Release;
		};
/* End XCBuildConfiguration section */

/* Begin XCConfigurationList section */
		1B06FA0A270D79280079B080 /* Build configuration list for PBXProject "Calculator" */ = {
			isa = XCConfigurationList;
			buildConfigurations = (
				1B06FA22270D792A0079B080 /* Debug */,
				1B06FA23270D792A0079B080 /* Release */,
			);
			defaultConfigurationIsVisible = 0;
			defaultConfigurationName = Release;
		};
		1B06FA24270D792A0079B080 /* Build configuration list for PBXNativeTarget "calculator (iOS)" */ = {
			isa = XCConfigurationList;
			buildConfigurations = (
				1B06FA25270D792A0079B080 /* Debug */,
				1B06FA26270D792A0079B080 /* Release */,
			);
			defaultConfigurationIsVisible = 0;
			defaultConfigurationName = Release;
		};
		1B06FA27270D792A0079B080 /* Build configuration list for PBXNativeTarget "calculator (macOS)" */ = {
			isa = XCConfigurationList;
			buildConfigurations = (
				1B06FA28270D792A0079B080 /* Debug */,
				1B06FA29270D792A0079B080 /* Release */,
			);
			defaultConfigurationIsVisible = 0;
			defaultConfigurationName = Release;
		};
		1BC668732721612300006C20 /* Build configuration list for PBXNativeTarget "calculator_clip" */ = {
			isa = XCConfigurationList;
			buildConfigurations = (
				1BC668712721612300006C20 /* Debug */,
				1BC668722721612300006C20 /* Release */,
			);
			defaultConfigurationIsVisible = 0;
			defaultConfigurationName = Release;
		};
/* End XCConfigurationList section */

/* Begin XCRemoteSwiftPackageReference section */
		8D84E45629416ADD00BF9C6E /* XCRemoteSwiftPackageReference "firebase-ios-sdk" */ = {
			isa = XCRemoteSwiftPackageReference;
			repositoryURL = "https://github.com/firebase/firebase-ios-sdk";
			requirement = {
				branch = master;
				kind = branch;
			};
		};
/* End XCRemoteSwiftPackageReference section */

/* Begin XCSwiftPackageProductDependency section */
		8D84E45729416ADD00BF9C6E /* FirebaseAnalytics */ = {
			isa = XCSwiftPackageProductDependency;
			package = 8D84E45629416ADD00BF9C6E /* XCRemoteSwiftPackageReference "firebase-ios-sdk" */;
			productName = FirebaseAnalytics;
		};
		8D84E45929416ADD00BF9C6E /* FirebaseCrashlytics */ = {
			isa = XCSwiftPackageProductDependency;
			package = 8D84E45629416ADD00BF9C6E /* XCRemoteSwiftPackageReference "firebase-ios-sdk" */;
			productName = FirebaseCrashlytics;
		};
/* End XCSwiftPackageProductDependency section */
	};
	rootObject = 1B06FA07270D79280079B080 /* Project object */;
}
